// !$*UTF8*$!
{
	archiveVersion = 1;
	classes = {
	};
	objectVersion = 56;
	objects = {

/* Begin PBXBuildFile section */
		C502C6242AE171D900384142 /* PopularMoviesProvider.swift in Sources */ = {isa = PBXBuildFile; fileRef = C502C6232AE171D900384142 /* PopularMoviesProvider.swift */; };
		C50FA9F92ACCA20C000F9083 /* OnboardingLayout.swift in Sources */ = {isa = PBXBuildFile; fileRef = C50FA9F82ACCA20C000F9083 /* OnboardingLayout.swift */; };
		C50FAA012ACCAA44000F9083 /* EmailPresenter.swift in Sources */ = {isa = PBXBuildFile; fileRef = C50FA9FC2ACCAA44000F9083 /* EmailPresenter.swift */; };
		C50FAA022ACCAA44000F9083 /* EmailRouter.swift in Sources */ = {isa = PBXBuildFile; fileRef = C50FA9FD2ACCAA44000F9083 /* EmailRouter.swift */; };
		C50FAA032ACCAA44000F9083 /* EmailViewController.swift in Sources */ = {isa = PBXBuildFile; fileRef = C50FA9FE2ACCAA44000F9083 /* EmailViewController.swift */; };
		C50FAA042ACCAA44000F9083 /* EmailInteractor.swift in Sources */ = {isa = PBXBuildFile; fileRef = C50FA9FF2ACCAA44000F9083 /* EmailInteractor.swift */; };
		C50FAA052ACCAA44000F9083 /* EmailModel.swift in Sources */ = {isa = PBXBuildFile; fileRef = C50FAA002ACCAA44000F9083 /* EmailModel.swift */; };
		C50FAA082ACCAB3A000F9083 /* UIButton+Extension.swift in Sources */ = {isa = PBXBuildFile; fileRef = C50FAA072ACCAB3A000F9083 /* UIButton+Extension.swift */; };
		C50FAA0E2ACCDAEF000F9083 /* OnKeyboardChange.swift in Sources */ = {isa = PBXBuildFile; fileRef = C50FAA0D2ACCDAEF000F9083 /* OnKeyboardChange.swift */; };
		C520F9292A5CB27500C2338A /* LoginViewController.swift in Sources */ = {isa = PBXBuildFile; fileRef = C520F9282A5CB27500C2338A /* LoginViewController.swift */; };
		C520F92B2A5CB28800C2338A /* WelcomeRouter.swift in Sources */ = {isa = PBXBuildFile; fileRef = C520F92A2A5CB28800C2338A /* WelcomeRouter.swift */; };
		C53740802A59AD0100DE8426 /* AppDelegate.swift in Sources */ = {isa = PBXBuildFile; fileRef = C537407F2A59AD0100DE8426 /* AppDelegate.swift */; };
		C53740822A59AD0100DE8426 /* SceneDelegate.swift in Sources */ = {isa = PBXBuildFile; fileRef = C53740812A59AD0100DE8426 /* SceneDelegate.swift */; };
		C53740892A59AD0300DE8426 /* Assets.xcassets in Resources */ = {isa = PBXBuildFile; fileRef = C53740882A59AD0300DE8426 /* Assets.xcassets */; };
		C53740972A59AF6F00DE8426 /* SplashInteractor.swift in Sources */ = {isa = PBXBuildFile; fileRef = C53740962A59AF6F00DE8426 /* SplashInteractor.swift */; };
		C53740992A59AF8400DE8426 /* SplashPresenter.swift in Sources */ = {isa = PBXBuildFile; fileRef = C53740982A59AF8400DE8426 /* SplashPresenter.swift */; };
		C537409E2A59B1D100DE8426 /* WelcomeViewController.swift in Sources */ = {isa = PBXBuildFile; fileRef = C537409D2A59B1D100DE8426 /* WelcomeViewController.swift */; };
		C53740A02A59B21A00DE8426 /* SplashRouter.swift in Sources */ = {isa = PBXBuildFile; fileRef = C537409F2A59B21A00DE8426 /* SplashRouter.swift */; };
		C551AFFB2AE815DE00A89697 /* HomeWorker.swift in Sources */ = {isa = PBXBuildFile; fileRef = C551AFFA2AE815DE00A89697 /* HomeWorker.swift */; };
		C56BD8B22AD730F600FCDFEF /* AccountCreatedPresenter.swift in Sources */ = {isa = PBXBuildFile; fileRef = C56BD8AD2AD730F600FCDFEF /* AccountCreatedPresenter.swift */; };
		C56BD8B32AD730F600FCDFEF /* AccountCreatedRouter.swift in Sources */ = {isa = PBXBuildFile; fileRef = C56BD8AE2AD730F600FCDFEF /* AccountCreatedRouter.swift */; };
		C56BD8B42AD730F600FCDFEF /* AccountCreatedViewController.swift in Sources */ = {isa = PBXBuildFile; fileRef = C56BD8AF2AD730F600FCDFEF /* AccountCreatedViewController.swift */; };
		C56BD8B52AD730F600FCDFEF /* AccountCreatedInteractor.swift in Sources */ = {isa = PBXBuildFile; fileRef = C56BD8B02AD730F600FCDFEF /* AccountCreatedInteractor.swift */; };
		C56BD8B62AD730F600FCDFEF /* AccountCreatedModel.swift in Sources */ = {isa = PBXBuildFile; fileRef = C56BD8B12AD730F600FCDFEF /* AccountCreatedModel.swift */; };
		C56BD8BD2AD769AC00FCDFEF /* ForgotPasswordPresenter.swift in Sources */ = {isa = PBXBuildFile; fileRef = C56BD8B82AD769AC00FCDFEF /* ForgotPasswordPresenter.swift */; };
		C56BD8BE2AD769AC00FCDFEF /* ForgotPasswordRouter.swift in Sources */ = {isa = PBXBuildFile; fileRef = C56BD8B92AD769AC00FCDFEF /* ForgotPasswordRouter.swift */; };
		C56BD8BF2AD769AC00FCDFEF /* ForgotPasswordViewController.swift in Sources */ = {isa = PBXBuildFile; fileRef = C56BD8BA2AD769AC00FCDFEF /* ForgotPasswordViewController.swift */; };
		C56BD8C02AD769AC00FCDFEF /* ForgotPasswordInteractor.swift in Sources */ = {isa = PBXBuildFile; fileRef = C56BD8BB2AD769AC00FCDFEF /* ForgotPasswordInteractor.swift */; };
		C56BD8C12AD769AC00FCDFEF /* ForgotPasswordModel.swift in Sources */ = {isa = PBXBuildFile; fileRef = C56BD8BC2AD769AC00FCDFEF /* ForgotPasswordModel.swift */; };
		C56BD8CA2AD76C3C00FCDFEF /* ForgotPasswordConfirmationPresenter.swift in Sources */ = {isa = PBXBuildFile; fileRef = C56BD8C52AD76C3C00FCDFEF /* ForgotPasswordConfirmationPresenter.swift */; };
		C56BD8CB2AD76C3C00FCDFEF /* ForgotPasswordConfirmationRouter.swift in Sources */ = {isa = PBXBuildFile; fileRef = C56BD8C62AD76C3C00FCDFEF /* ForgotPasswordConfirmationRouter.swift */; };
		C56BD8CC2AD76C3C00FCDFEF /* ForgotPasswordConfirmationViewController.swift in Sources */ = {isa = PBXBuildFile; fileRef = C56BD8C72AD76C3C00FCDFEF /* ForgotPasswordConfirmationViewController.swift */; };
		C56BD8CD2AD76C3C00FCDFEF /* ForgotPasswordConfirmationInteractor.swift in Sources */ = {isa = PBXBuildFile; fileRef = C56BD8C82AD76C3C00FCDFEF /* ForgotPasswordConfirmationInteractor.swift */; };
		C56BD8CE2AD76C3C00FCDFEF /* ForgotPasswordConfirmationModel.swift in Sources */ = {isa = PBXBuildFile; fileRef = C56BD8C92AD76C3C00FCDFEF /* ForgotPasswordConfirmationModel.swift */; };
		C56BD8E12AD83DB300FCDFEF /* ModuleScreen.swift in Sources */ = {isa = PBXBuildFile; fileRef = C56BD8E02AD83DB300FCDFEF /* ModuleScreen.swift */; };
		C56BD8E52AD84F3200FCDFEF /* UIFont+Extension.swift in Sources */ = {isa = PBXBuildFile; fileRef = C56BD8E42AD84F3200FCDFEF /* UIFont+Extension.swift */; };
		C59285302A59B53700A35072 /* SplashViewController.swift in Sources */ = {isa = PBXBuildFile; fileRef = C592852F2A59B53700A35072 /* SplashViewController.swift */; };
		C598D60D2A59BCDE00D7DEA1 /* WelcomeInteractor.swift in Sources */ = {isa = PBXBuildFile; fileRef = C598D60C2A59BCDE00D7DEA1 /* WelcomeInteractor.swift */; };
		C598D60F2A59BD1000D7DEA1 /* WelcomePresenter.swift in Sources */ = {isa = PBXBuildFile; fileRef = C598D60E2A59BD1000D7DEA1 /* WelcomePresenter.swift */; };
		C59906192AE95E1C001E4578 /* FirestoreService.swift in Sources */ = {isa = PBXBuildFile; fileRef = C59906182AE95E1C001E4578 /* FirestoreService.swift */; };
		C5B1CEFF2ACC8BFA00E0DB7C /* FullNamePresenter.swift in Sources */ = {isa = PBXBuildFile; fileRef = C5B1CEFA2ACC8BFA00E0DB7C /* FullNamePresenter.swift */; };
		C5B1CF002ACC8BFA00E0DB7C /* FullNameRouter.swift in Sources */ = {isa = PBXBuildFile; fileRef = C5B1CEFB2ACC8BFA00E0DB7C /* FullNameRouter.swift */; };
		C5B1CF012ACC8BFA00E0DB7C /* FullNameViewController.swift in Sources */ = {isa = PBXBuildFile; fileRef = C5B1CEFC2ACC8BFA00E0DB7C /* FullNameViewController.swift */; };
		C5B1CF022ACC8BFA00E0DB7C /* FullNameInteractor.swift in Sources */ = {isa = PBXBuildFile; fileRef = C5B1CEFD2ACC8BFA00E0DB7C /* FullNameInteractor.swift */; };
		C5B1CF032ACC8BFA00E0DB7C /* FullNameModel.swift in Sources */ = {isa = PBXBuildFile; fileRef = C5B1CEFE2ACC8BFA00E0DB7C /* FullNameModel.swift */; };
		C5BB40DF2AB3C9C500051633 /* LoginModel.swift in Sources */ = {isa = PBXBuildFile; fileRef = C5BB40DE2AB3C9C500051633 /* LoginModel.swift */; };
		C5BB40EC2AB3CBC400051633 /* LoginKeys.swift in Sources */ = {isa = PBXBuildFile; fileRef = C5BB40EB2AB3CBC400051633 /* LoginKeys.swift */; };
		C5BB40EE2AB3CCAA00051633 /* LoginKeysValues.strings in Resources */ = {isa = PBXBuildFile; fileRef = C5BB40ED2AB3CCAA00051633 /* LoginKeysValues.strings */; };
		C5BB40F02AB3D2EB00051633 /* WelcomeModel.swift in Sources */ = {isa = PBXBuildFile; fileRef = C5BB40EF2AB3D2EB00051633 /* WelcomeModel.swift */; };
		C5C1A1582AE70A27001A2953 /* MovieDetailsPresenter.swift in Sources */ = {isa = PBXBuildFile; fileRef = C5C1A1532AE70A27001A2953 /* MovieDetailsPresenter.swift */; };
		C5C1A1592AE70A27001A2953 /* MovieDetailsRouter.swift in Sources */ = {isa = PBXBuildFile; fileRef = C5C1A1542AE70A27001A2953 /* MovieDetailsRouter.swift */; };
		C5C1A15A2AE70A27001A2953 /* MovieDetailsViewController.swift in Sources */ = {isa = PBXBuildFile; fileRef = C5C1A1552AE70A27001A2953 /* MovieDetailsViewController.swift */; };
		C5C1A15B2AE70A27001A2953 /* MovieDetailsInteractor.swift in Sources */ = {isa = PBXBuildFile; fileRef = C5C1A1562AE70A27001A2953 /* MovieDetailsInteractor.swift */; };
		C5C1A15C2AE70A27001A2953 /* MovieDetailsModel.swift in Sources */ = {isa = PBXBuildFile; fileRef = C5C1A1572AE70A27001A2953 /* MovieDetailsModel.swift */; };
		C5CD58CE2AD984FA00D8DAD7 /* HomePresenter.swift in Sources */ = {isa = PBXBuildFile; fileRef = C5CD58C92AD984FA00D8DAD7 /* HomePresenter.swift */; };
		C5CD58CF2AD984FA00D8DAD7 /* HomeRouter.swift in Sources */ = {isa = PBXBuildFile; fileRef = C5CD58CA2AD984FA00D8DAD7 /* HomeRouter.swift */; };
		C5CD58D02AD984FA00D8DAD7 /* HomeViewController.swift in Sources */ = {isa = PBXBuildFile; fileRef = C5CD58CB2AD984FA00D8DAD7 /* HomeViewController.swift */; };
		C5CD58D12AD984FA00D8DAD7 /* HomeInteractor.swift in Sources */ = {isa = PBXBuildFile; fileRef = C5CD58CC2AD984FA00D8DAD7 /* HomeInteractor.swift */; };
		C5CD58D22AD984FA00D8DAD7 /* HomeModel.swift in Sources */ = {isa = PBXBuildFile; fileRef = C5CD58CD2AD984FA00D8DAD7 /* HomeModel.swift */; };
		C5DC10E02AD61628000E1D50 /* CreatePasswordPresenter.swift in Sources */ = {isa = PBXBuildFile; fileRef = C5DC10DB2AD61628000E1D50 /* CreatePasswordPresenter.swift */; };
		C5DC10E12AD61628000E1D50 /* CreatePasswordRouter.swift in Sources */ = {isa = PBXBuildFile; fileRef = C5DC10DC2AD61628000E1D50 /* CreatePasswordRouter.swift */; };
		C5DC10E22AD61628000E1D50 /* CreatePasswordViewController.swift in Sources */ = {isa = PBXBuildFile; fileRef = C5DC10DD2AD61628000E1D50 /* CreatePasswordViewController.swift */; };
		C5DC10E32AD61628000E1D50 /* CreatePasswordInteractor.swift in Sources */ = {isa = PBXBuildFile; fileRef = C5DC10DE2AD61628000E1D50 /* CreatePasswordInteractor.swift */; };
		C5DC10E42AD61628000E1D50 /* CreatePasswordModel.swift in Sources */ = {isa = PBXBuildFile; fileRef = C5DC10DF2AD61628000E1D50 /* CreatePasswordModel.swift */; };
		C5EF08C22A633D8800E141AA /* GoogleService-Info.plist in Resources */ = {isa = PBXBuildFile; fileRef = C5EF08C12A633D8800E141AA /* GoogleService-Info.plist */; };
		C5EF08C62A63467500E141AA /* LoginInteractor.swift in Sources */ = {isa = PBXBuildFile; fileRef = C5EF08C52A63467500E141AA /* LoginInteractor.swift */; };
		C5EF08D02A63544900E141AA /* Button.swift in Sources */ = {isa = PBXBuildFile; fileRef = C5EF08CF2A63544900E141AA /* Button.swift */; };
		C5EF08D32A636D7100E141AA /* LoggedInViewController.swift in Sources */ = {isa = PBXBuildFile; fileRef = C5EF08D22A636D7100E141AA /* LoggedInViewController.swift */; };
		C5EF08D92A6373B500E141AA /* LoginPresenter.swift in Sources */ = {isa = PBXBuildFile; fileRef = C5EF08D82A6373B500E141AA /* LoginPresenter.swift */; };
		C5EF08DB2A63749C00E141AA /* LoginRouter.swift in Sources */ = {isa = PBXBuildFile; fileRef = C5EF08DA2A63749C00E141AA /* LoginRouter.swift */; };
		CCB86741D38EED4FC5BA9989 /* Pods_MinhasDespesas.framework in Frameworks */ = {isa = PBXBuildFile; fileRef = ED29FF8949A8E3B2D5AC0615 /* Pods_MinhasDespesas.framework */; };
/* End PBXBuildFile section */

/* Begin PBXFileReference section */
		A6AF5FD3A0CA67C09DDA42C1 /* Pods-MinhasDespesas.release.xcconfig */ = {isa = PBXFileReference; includeInIndex = 1; lastKnownFileType = text.xcconfig; name = "Pods-MinhasDespesas.release.xcconfig"; path = "Target Support Files/Pods-MinhasDespesas/Pods-MinhasDespesas.release.xcconfig"; sourceTree = "<group>"; };
		C502C6232AE171D900384142 /* PopularMoviesProvider.swift */ = {isa = PBXFileReference; lastKnownFileType = sourcecode.swift; path = PopularMoviesProvider.swift; sourceTree = "<group>"; };
		C50FA9F82ACCA20C000F9083 /* OnboardingLayout.swift */ = {isa = PBXFileReference; lastKnownFileType = sourcecode.swift; path = OnboardingLayout.swift; sourceTree = "<group>"; };
		C50FA9FC2ACCAA44000F9083 /* EmailPresenter.swift */ = {isa = PBXFileReference; lastKnownFileType = sourcecode.swift; path = EmailPresenter.swift; sourceTree = "<group>"; };
		C50FA9FD2ACCAA44000F9083 /* EmailRouter.swift */ = {isa = PBXFileReference; lastKnownFileType = sourcecode.swift; path = EmailRouter.swift; sourceTree = "<group>"; };
		C50FA9FE2ACCAA44000F9083 /* EmailViewController.swift */ = {isa = PBXFileReference; lastKnownFileType = sourcecode.swift; path = EmailViewController.swift; sourceTree = "<group>"; };
		C50FA9FF2ACCAA44000F9083 /* EmailInteractor.swift */ = {isa = PBXFileReference; lastKnownFileType = sourcecode.swift; path = EmailInteractor.swift; sourceTree = "<group>"; };
		C50FAA002ACCAA44000F9083 /* EmailModel.swift */ = {isa = PBXFileReference; lastKnownFileType = sourcecode.swift; path = EmailModel.swift; sourceTree = "<group>"; };
		C50FAA072ACCAB3A000F9083 /* UIButton+Extension.swift */ = {isa = PBXFileReference; lastKnownFileType = sourcecode.swift; path = "UIButton+Extension.swift"; sourceTree = "<group>"; };
		C50FAA0D2ACCDAEF000F9083 /* OnKeyboardChange.swift */ = {isa = PBXFileReference; lastKnownFileType = sourcecode.swift; path = OnKeyboardChange.swift; sourceTree = "<group>"; };
		C520F9282A5CB27500C2338A /* LoginViewController.swift */ = {isa = PBXFileReference; lastKnownFileType = sourcecode.swift; path = LoginViewController.swift; sourceTree = "<group>"; };
		C520F92A2A5CB28800C2338A /* WelcomeRouter.swift */ = {isa = PBXFileReference; lastKnownFileType = sourcecode.swift; path = WelcomeRouter.swift; sourceTree = "<group>"; };
		C537407C2A59AD0100DE8426 /* MinhasDespesas.app */ = {isa = PBXFileReference; explicitFileType = wrapper.application; includeInIndex = 0; path = MinhasDespesas.app; sourceTree = BUILT_PRODUCTS_DIR; };
		C537407F2A59AD0100DE8426 /* AppDelegate.swift */ = {isa = PBXFileReference; lastKnownFileType = sourcecode.swift; path = AppDelegate.swift; sourceTree = "<group>"; };
		C53740812A59AD0100DE8426 /* SceneDelegate.swift */ = {isa = PBXFileReference; lastKnownFileType = sourcecode.swift; path = SceneDelegate.swift; sourceTree = "<group>"; };
		C53740882A59AD0300DE8426 /* Assets.xcassets */ = {isa = PBXFileReference; lastKnownFileType = folder.assetcatalog; path = Assets.xcassets; sourceTree = "<group>"; };
		C537408D2A59AD0300DE8426 /* Info.plist */ = {isa = PBXFileReference; lastKnownFileType = text.plist.xml; path = Info.plist; sourceTree = "<group>"; };
		C53740962A59AF6F00DE8426 /* SplashInteractor.swift */ = {isa = PBXFileReference; lastKnownFileType = sourcecode.swift; path = SplashInteractor.swift; sourceTree = "<group>"; };
		C53740982A59AF8400DE8426 /* SplashPresenter.swift */ = {isa = PBXFileReference; lastKnownFileType = sourcecode.swift; path = SplashPresenter.swift; sourceTree = "<group>"; };
		C537409D2A59B1D100DE8426 /* WelcomeViewController.swift */ = {isa = PBXFileReference; lastKnownFileType = sourcecode.swift; path = WelcomeViewController.swift; sourceTree = "<group>"; };
		C537409F2A59B21A00DE8426 /* SplashRouter.swift */ = {isa = PBXFileReference; lastKnownFileType = sourcecode.swift; path = SplashRouter.swift; sourceTree = "<group>"; };
		C551AFFA2AE815DE00A89697 /* HomeWorker.swift */ = {isa = PBXFileReference; lastKnownFileType = sourcecode.swift; path = HomeWorker.swift; sourceTree = "<group>"; };
		C56BD8AD2AD730F600FCDFEF /* AccountCreatedPresenter.swift */ = {isa = PBXFileReference; lastKnownFileType = sourcecode.swift; path = AccountCreatedPresenter.swift; sourceTree = "<group>"; };
		C56BD8AE2AD730F600FCDFEF /* AccountCreatedRouter.swift */ = {isa = PBXFileReference; lastKnownFileType = sourcecode.swift; path = AccountCreatedRouter.swift; sourceTree = "<group>"; };
		C56BD8AF2AD730F600FCDFEF /* AccountCreatedViewController.swift */ = {isa = PBXFileReference; lastKnownFileType = sourcecode.swift; path = AccountCreatedViewController.swift; sourceTree = "<group>"; };
		C56BD8B02AD730F600FCDFEF /* AccountCreatedInteractor.swift */ = {isa = PBXFileReference; lastKnownFileType = sourcecode.swift; path = AccountCreatedInteractor.swift; sourceTree = "<group>"; };
		C56BD8B12AD730F600FCDFEF /* AccountCreatedModel.swift */ = {isa = PBXFileReference; lastKnownFileType = sourcecode.swift; path = AccountCreatedModel.swift; sourceTree = "<group>"; };
		C56BD8B82AD769AC00FCDFEF /* ForgotPasswordPresenter.swift */ = {isa = PBXFileReference; lastKnownFileType = sourcecode.swift; path = ForgotPasswordPresenter.swift; sourceTree = "<group>"; };
		C56BD8B92AD769AC00FCDFEF /* ForgotPasswordRouter.swift */ = {isa = PBXFileReference; lastKnownFileType = sourcecode.swift; path = ForgotPasswordRouter.swift; sourceTree = "<group>"; };
		C56BD8BA2AD769AC00FCDFEF /* ForgotPasswordViewController.swift */ = {isa = PBXFileReference; lastKnownFileType = sourcecode.swift; path = ForgotPasswordViewController.swift; sourceTree = "<group>"; };
		C56BD8BB2AD769AC00FCDFEF /* ForgotPasswordInteractor.swift */ = {isa = PBXFileReference; lastKnownFileType = sourcecode.swift; path = ForgotPasswordInteractor.swift; sourceTree = "<group>"; };
		C56BD8BC2AD769AC00FCDFEF /* ForgotPasswordModel.swift */ = {isa = PBXFileReference; lastKnownFileType = sourcecode.swift; path = ForgotPasswordModel.swift; sourceTree = "<group>"; };
		C56BD8C52AD76C3C00FCDFEF /* ForgotPasswordConfirmationPresenter.swift */ = {isa = PBXFileReference; lastKnownFileType = sourcecode.swift; path = ForgotPasswordConfirmationPresenter.swift; sourceTree = "<group>"; };
		C56BD8C62AD76C3C00FCDFEF /* ForgotPasswordConfirmationRouter.swift */ = {isa = PBXFileReference; lastKnownFileType = sourcecode.swift; path = ForgotPasswordConfirmationRouter.swift; sourceTree = "<group>"; };
		C56BD8C72AD76C3C00FCDFEF /* ForgotPasswordConfirmationViewController.swift */ = {isa = PBXFileReference; lastKnownFileType = sourcecode.swift; path = ForgotPasswordConfirmationViewController.swift; sourceTree = "<group>"; };
		C56BD8C82AD76C3C00FCDFEF /* ForgotPasswordConfirmationInteractor.swift */ = {isa = PBXFileReference; lastKnownFileType = sourcecode.swift; path = ForgotPasswordConfirmationInteractor.swift; sourceTree = "<group>"; };
		C56BD8C92AD76C3C00FCDFEF /* ForgotPasswordConfirmationModel.swift */ = {isa = PBXFileReference; lastKnownFileType = sourcecode.swift; path = ForgotPasswordConfirmationModel.swift; sourceTree = "<group>"; };
		C56BD8D22AD773AA00FCDFEF /* CircularXX-Bold.otf */ = {isa = PBXFileReference; lastKnownFileType = file; name = "CircularXX-Bold.otf"; path = "../../../../../pan/mobile-ios--banco-digital/Pods/DSKitFonts/Sources/Resources/fonts/CircularXX-Bold.otf"; sourceTree = "<group>"; };
		C56BD8D32AD773AA00FCDFEF /* CircularXX-Book.otf */ = {isa = PBXFileReference; lastKnownFileType = file; name = "CircularXX-Book.otf"; path = "../../../../../pan/mobile-ios--banco-digital/Pods/DSKitFonts/Sources/Resources/fonts/CircularXX-Book.otf"; sourceTree = "<group>"; };
		C56BD8D42AD773AB00FCDFEF /* MaterialIcons-Regular.ttf */ = {isa = PBXFileReference; lastKnownFileType = file; name = "MaterialIcons-Regular.ttf"; path = "../../../../../pan/mobile-ios--banco-digital/Pods/DSKitFonts/Sources/Resources/fonts/MaterialIcons-Regular.ttf"; sourceTree = "<group>"; };
		C56BD8E02AD83DB300FCDFEF /* ModuleScreen.swift */ = {isa = PBXFileReference; lastKnownFileType = sourcecode.swift; path = ModuleScreen.swift; sourceTree = "<group>"; };
		C56BD8E42AD84F3200FCDFEF /* UIFont+Extension.swift */ = {isa = PBXFileReference; lastKnownFileType = sourcecode.swift; path = "UIFont+Extension.swift"; sourceTree = "<group>"; };
		C592852F2A59B53700A35072 /* SplashViewController.swift */ = {isa = PBXFileReference; fileEncoding = 4; lastKnownFileType = sourcecode.swift; path = SplashViewController.swift; sourceTree = "<group>"; };
		C598D60C2A59BCDE00D7DEA1 /* WelcomeInteractor.swift */ = {isa = PBXFileReference; lastKnownFileType = sourcecode.swift; path = WelcomeInteractor.swift; sourceTree = "<group>"; };
		C598D60E2A59BD1000D7DEA1 /* WelcomePresenter.swift */ = {isa = PBXFileReference; lastKnownFileType = sourcecode.swift; path = WelcomePresenter.swift; sourceTree = "<group>"; };
		C59906182AE95E1C001E4578 /* FirestoreService.swift */ = {isa = PBXFileReference; lastKnownFileType = sourcecode.swift; path = FirestoreService.swift; sourceTree = "<group>"; };
		C5B1CEFA2ACC8BFA00E0DB7C /* FullNamePresenter.swift */ = {isa = PBXFileReference; lastKnownFileType = sourcecode.swift; path = FullNamePresenter.swift; sourceTree = "<group>"; };
		C5B1CEFB2ACC8BFA00E0DB7C /* FullNameRouter.swift */ = {isa = PBXFileReference; lastKnownFileType = sourcecode.swift; path = FullNameRouter.swift; sourceTree = "<group>"; };
		C5B1CEFC2ACC8BFA00E0DB7C /* FullNameViewController.swift */ = {isa = PBXFileReference; lastKnownFileType = sourcecode.swift; path = FullNameViewController.swift; sourceTree = "<group>"; };
		C5B1CEFD2ACC8BFA00E0DB7C /* FullNameInteractor.swift */ = {isa = PBXFileReference; lastKnownFileType = sourcecode.swift; path = FullNameInteractor.swift; sourceTree = "<group>"; };
		C5B1CEFE2ACC8BFA00E0DB7C /* FullNameModel.swift */ = {isa = PBXFileReference; lastKnownFileType = sourcecode.swift; path = FullNameModel.swift; sourceTree = "<group>"; };
		C5BB40DE2AB3C9C500051633 /* LoginModel.swift */ = {isa = PBXFileReference; lastKnownFileType = sourcecode.swift; path = LoginModel.swift; sourceTree = "<group>"; };
		C5BB40EB2AB3CBC400051633 /* LoginKeys.swift */ = {isa = PBXFileReference; lastKnownFileType = sourcecode.swift; path = LoginKeys.swift; sourceTree = "<group>"; };
		C5BB40ED2AB3CCAA00051633 /* LoginKeysValues.strings */ = {isa = PBXFileReference; lastKnownFileType = text.plist.strings; path = LoginKeysValues.strings; sourceTree = "<group>"; };
		C5BB40EF2AB3D2EB00051633 /* WelcomeModel.swift */ = {isa = PBXFileReference; lastKnownFileType = sourcecode.swift; path = WelcomeModel.swift; sourceTree = "<group>"; };
		C5C1A1532AE70A27001A2953 /* MovieDetailsPresenter.swift */ = {isa = PBXFileReference; lastKnownFileType = sourcecode.swift; path = MovieDetailsPresenter.swift; sourceTree = "<group>"; };
		C5C1A1542AE70A27001A2953 /* MovieDetailsRouter.swift */ = {isa = PBXFileReference; lastKnownFileType = sourcecode.swift; path = MovieDetailsRouter.swift; sourceTree = "<group>"; };
		C5C1A1552AE70A27001A2953 /* MovieDetailsViewController.swift */ = {isa = PBXFileReference; lastKnownFileType = sourcecode.swift; path = MovieDetailsViewController.swift; sourceTree = "<group>"; };
		C5C1A1562AE70A27001A2953 /* MovieDetailsInteractor.swift */ = {isa = PBXFileReference; lastKnownFileType = sourcecode.swift; path = MovieDetailsInteractor.swift; sourceTree = "<group>"; };
		C5C1A1572AE70A27001A2953 /* MovieDetailsModel.swift */ = {isa = PBXFileReference; lastKnownFileType = sourcecode.swift; path = MovieDetailsModel.swift; sourceTree = "<group>"; };
		C5CD58C92AD984FA00D8DAD7 /* HomePresenter.swift */ = {isa = PBXFileReference; lastKnownFileType = sourcecode.swift; path = HomePresenter.swift; sourceTree = "<group>"; };
		C5CD58CA2AD984FA00D8DAD7 /* HomeRouter.swift */ = {isa = PBXFileReference; lastKnownFileType = sourcecode.swift; path = HomeRouter.swift; sourceTree = "<group>"; };
		C5CD58CB2AD984FA00D8DAD7 /* HomeViewController.swift */ = {isa = PBXFileReference; lastKnownFileType = sourcecode.swift; path = HomeViewController.swift; sourceTree = "<group>"; };
		C5CD58CC2AD984FA00D8DAD7 /* HomeInteractor.swift */ = {isa = PBXFileReference; lastKnownFileType = sourcecode.swift; path = HomeInteractor.swift; sourceTree = "<group>"; };
		C5CD58CD2AD984FA00D8DAD7 /* HomeModel.swift */ = {isa = PBXFileReference; lastKnownFileType = sourcecode.swift; path = HomeModel.swift; sourceTree = "<group>"; };
		C5DC10DB2AD61628000E1D50 /* CreatePasswordPresenter.swift */ = {isa = PBXFileReference; lastKnownFileType = sourcecode.swift; path = CreatePasswordPresenter.swift; sourceTree = "<group>"; };
		C5DC10DC2AD61628000E1D50 /* CreatePasswordRouter.swift */ = {isa = PBXFileReference; lastKnownFileType = sourcecode.swift; path = CreatePasswordRouter.swift; sourceTree = "<group>"; };
		C5DC10DD2AD61628000E1D50 /* CreatePasswordViewController.swift */ = {isa = PBXFileReference; lastKnownFileType = sourcecode.swift; path = CreatePasswordViewController.swift; sourceTree = "<group>"; };
		C5DC10DE2AD61628000E1D50 /* CreatePasswordInteractor.swift */ = {isa = PBXFileReference; lastKnownFileType = sourcecode.swift; path = CreatePasswordInteractor.swift; sourceTree = "<group>"; };
		C5DC10DF2AD61628000E1D50 /* CreatePasswordModel.swift */ = {isa = PBXFileReference; lastKnownFileType = sourcecode.swift; path = CreatePasswordModel.swift; sourceTree = "<group>"; };
		C5EF08C12A633D8800E141AA /* GoogleService-Info.plist */ = {isa = PBXFileReference; fileEncoding = 4; lastKnownFileType = text.plist.xml; path = "GoogleService-Info.plist"; sourceTree = "<group>"; };
		C5EF08C52A63467500E141AA /* LoginInteractor.swift */ = {isa = PBXFileReference; lastKnownFileType = sourcecode.swift; path = LoginInteractor.swift; sourceTree = "<group>"; };
		C5EF08CF2A63544900E141AA /* Button.swift */ = {isa = PBXFileReference; lastKnownFileType = sourcecode.swift; path = Button.swift; sourceTree = "<group>"; };
		C5EF08D22A636D7100E141AA /* LoggedInViewController.swift */ = {isa = PBXFileReference; lastKnownFileType = sourcecode.swift; path = LoggedInViewController.swift; sourceTree = "<group>"; };
		C5EF08D82A6373B500E141AA /* LoginPresenter.swift */ = {isa = PBXFileReference; lastKnownFileType = sourcecode.swift; path = LoginPresenter.swift; sourceTree = "<group>"; };
		C5EF08DA2A63749C00E141AA /* LoginRouter.swift */ = {isa = PBXFileReference; lastKnownFileType = sourcecode.swift; path = LoginRouter.swift; sourceTree = "<group>"; };
		DCBB5B250DFAAD6F5F107DEB /* Pods-MinhasDespesas.debug.xcconfig */ = {isa = PBXFileReference; includeInIndex = 1; lastKnownFileType = text.xcconfig; name = "Pods-MinhasDespesas.debug.xcconfig"; path = "Target Support Files/Pods-MinhasDespesas/Pods-MinhasDespesas.debug.xcconfig"; sourceTree = "<group>"; };
		ED29FF8949A8E3B2D5AC0615 /* Pods_MinhasDespesas.framework */ = {isa = PBXFileReference; explicitFileType = wrapper.framework; includeInIndex = 0; path = Pods_MinhasDespesas.framework; sourceTree = BUILT_PRODUCTS_DIR; };
/* End PBXFileReference section */

/* Begin PBXFrameworksBuildPhase section */
		C53740792A59AD0100DE8426 /* Frameworks */ = {
			isa = PBXFrameworksBuildPhase;
			buildActionMask = 2147483647;
			files = (
				CCB86741D38EED4FC5BA9989 /* Pods_MinhasDespesas.framework in Frameworks */,
			);
			runOnlyForDeploymentPostprocessing = 0;
		};
/* End PBXFrameworksBuildPhase section */

/* Begin PBXGroup section */
		7455191E48FA9364F167B2D8 /* Frameworks */ = {
			isa = PBXGroup;
			children = (
				ED29FF8949A8E3B2D5AC0615 /* Pods_MinhasDespesas.framework */,
			);
			name = Frameworks;
			sourceTree = "<group>";
		};
		BCC32C615D564C606595CD28 /* Pods */ = {
			isa = PBXGroup;
			children = (
				DCBB5B250DFAAD6F5F107DEB /* Pods-MinhasDespesas.debug.xcconfig */,
				A6AF5FD3A0CA67C09DDA42C1 /* Pods-MinhasDespesas.release.xcconfig */,
			);
			path = Pods;
			sourceTree = "<group>";
		};
		C502C6212AE171B100384142 /* Providers */ = {
			isa = PBXGroup;
			children = (
				C502C6232AE171D900384142 /* PopularMoviesProvider.swift */,
			);
			path = Providers;
			sourceTree = "<group>";
		};
		C5033AA92ACA221900FE077F /* Onboarding */ = {
			isa = PBXGroup;
			children = (
				C5C3156B2AD72C20001645D2 /* AccountCreated */,
				C5DC10DA2AD615FF000E1D50 /* Password */,
				C50FA9FB2ACCAA24000F9083 /* Email */,
				C50FA9FA2ACCAA17000F9083 /* Full Name */,
			);
			path = Onboarding;
			sourceTree = "<group>";
		};
		C50FA9F62ACCA1F1000F9083 /* Utils */ = {
			isa = PBXGroup;
			children = (
				C59906172AE95E08001E4578 /* Firestore */,
				C50FAA062ACCAAF7000F9083 /* Extension */,
				C50FA9F72ACCA1F6000F9083 /* Screen */,
			);
			path = Utils;
			sourceTree = "<group>";
		};
		C50FA9F72ACCA1F6000F9083 /* Screen */ = {
			isa = PBXGroup;
			children = (
				C50FA9F82ACCA20C000F9083 /* OnboardingLayout.swift */,
				C56BD8E02AD83DB300FCDFEF /* ModuleScreen.swift */,
			);
			path = Screen;
			sourceTree = "<group>";
		};
		C50FA9FA2ACCAA17000F9083 /* Full Name */ = {
			isa = PBXGroup;
			children = (
				C5B1CEFA2ACC8BFA00E0DB7C /* FullNamePresenter.swift */,
				C5B1CEFB2ACC8BFA00E0DB7C /* FullNameRouter.swift */,
				C5B1CEFC2ACC8BFA00E0DB7C /* FullNameViewController.swift */,
				C5B1CEFD2ACC8BFA00E0DB7C /* FullNameInteractor.swift */,
				C5B1CEFE2ACC8BFA00E0DB7C /* FullNameModel.swift */,
			);
			path = "Full Name";
			sourceTree = "<group>";
		};
		C50FA9FB2ACCAA24000F9083 /* Email */ = {
			isa = PBXGroup;
			children = (
				C50FA9FC2ACCAA44000F9083 /* EmailPresenter.swift */,
				C50FA9FD2ACCAA44000F9083 /* EmailRouter.swift */,
				C50FA9FE2ACCAA44000F9083 /* EmailViewController.swift */,
				C50FA9FF2ACCAA44000F9083 /* EmailInteractor.swift */,
				C50FAA002ACCAA44000F9083 /* EmailModel.swift */,
			);
			path = Email;
			sourceTree = "<group>";
		};
		C50FAA062ACCAAF7000F9083 /* Extension */ = {
			isa = PBXGroup;
			children = (
				C50FAA072ACCAB3A000F9083 /* UIButton+Extension.swift */,
				C50FAA0D2ACCDAEF000F9083 /* OnKeyboardChange.swift */,
				C56BD8E42AD84F3200FCDFEF /* UIFont+Extension.swift */,
			);
			path = Extension;
			sourceTree = "<group>";
		};
		C520F9272A5CB26900C2338A /* Login */ = {
			isa = PBXGroup;
			children = (
				C520F9282A5CB27500C2338A /* LoginViewController.swift */,
				C5EF08C52A63467500E141AA /* LoginInteractor.swift */,
				C5EF08D82A6373B500E141AA /* LoginPresenter.swift */,
				C5EF08DA2A63749C00E141AA /* LoginRouter.swift */,
				C5BB40DE2AB3C9C500051633 /* LoginModel.swift */,
			);
			name = Login;
			path = ..;
			sourceTree = "<group>";
		};
		C533373C2AD9EEF200AF7F3E /* HomeViewController */ = {
			isa = PBXGroup;
			children = (
				C502C6212AE171B100384142 /* Providers */,
				C5CD58C92AD984FA00D8DAD7 /* HomePresenter.swift */,
				C5CD58CA2AD984FA00D8DAD7 /* HomeRouter.swift */,
				C5CD58CB2AD984FA00D8DAD7 /* HomeViewController.swift */,
				C5CD58CC2AD984FA00D8DAD7 /* HomeInteractor.swift */,
				C5CD58CD2AD984FA00D8DAD7 /* HomeModel.swift */,
				C551AFFA2AE815DE00A89697 /* HomeWorker.swift */,
			);
			path = HomeViewController;
			sourceTree = "<group>";
		};
		C53740732A59AD0100DE8426 = {
			isa = PBXGroup;
			children = (
				C537407E2A59AD0100DE8426 /* MinhasDespesas */,
				C537407D2A59AD0100DE8426 /* Products */,
				BCC32C615D564C606595CD28 /* Pods */,
				7455191E48FA9364F167B2D8 /* Frameworks */,
			);
			sourceTree = "<group>";
		};
		C537407D2A59AD0100DE8426 /* Products */ = {
			isa = PBXGroup;
			children = (
				C537407C2A59AD0100DE8426 /* MinhasDespesas.app */,
			);
			name = Products;
			sourceTree = "<group>";
		};
		C537407E2A59AD0100DE8426 /* MinhasDespesas */ = {
			isa = PBXGroup;
			children = (
				C5EF08C12A633D8800E141AA /* GoogleService-Info.plist */,
				C537408D2A59AD0300DE8426 /* Info.plist */,
				C537409A2A59B19900DE8426 /* Modules */,
				C5BB40F22AB3D41000051633 /* Infrastructure */,
				C5BB40F42AB3D62400051633 /* Assets */,
			);
			path = MinhasDespesas;
			sourceTree = "<group>";
		};
		C53740932A59AF3400DE8426 /* SplashScreen */ = {
			isa = PBXGroup;
			children = (
				C53740962A59AF6F00DE8426 /* SplashInteractor.swift */,
				C592852F2A59B53700A35072 /* SplashViewController.swift */,
				C53740982A59AF8400DE8426 /* SplashPresenter.swift */,
				C537409F2A59B21A00DE8426 /* SplashRouter.swift */,
			);
			path = SplashScreen;
			sourceTree = "<group>";
		};
		C537409A2A59B19900DE8426 /* Modules */ = {
			isa = PBXGroup;
			children = (
				C5033AA92ACA221900FE077F /* Onboarding */,
				C5EF08CE2A63543C00E141AA /* Components */,
				C5EF08D72A6370B000E141AA /* Home */,
				C537409B2A59B1B100DE8426 /* Authentication */,
			);
			path = Modules;
			sourceTree = "<group>";
		};
		C537409B2A59B1B100DE8426 /* Authentication */ = {
			isa = PBXGroup;
			children = (
				C56BD8C22AD76BFE00FCDFEF /* Forgot Password */,
				C5BB40E02AB3CA1400051633 /* Resources */,
				C56BD8C32AD76C1400FCDFEF /* Login */,
				C537409C2A59B1B900DE8426 /* Welcome */,
			);
			path = Authentication;
			sourceTree = "<group>";
		};
		C537409C2A59B1B900DE8426 /* Welcome */ = {
			isa = PBXGroup;
			children = (
				C537409D2A59B1D100DE8426 /* WelcomeViewController.swift */,
				C598D60C2A59BCDE00D7DEA1 /* WelcomeInteractor.swift */,
				C598D60E2A59BD1000D7DEA1 /* WelcomePresenter.swift */,
				C520F92A2A5CB28800C2338A /* WelcomeRouter.swift */,
				C5BB40EF2AB3D2EB00051633 /* WelcomeModel.swift */,
			);
			path = Welcome;
			sourceTree = "<group>";
		};
		C56BD8B72AD7699700FCDFEF /* Forgot Password */ = {
			isa = PBXGroup;
			children = (
				C56BD8B82AD769AC00FCDFEF /* ForgotPasswordPresenter.swift */,
				C56BD8B92AD769AC00FCDFEF /* ForgotPasswordRouter.swift */,
				C56BD8BA2AD769AC00FCDFEF /* ForgotPasswordViewController.swift */,
				C56BD8BB2AD769AC00FCDFEF /* ForgotPasswordInteractor.swift */,
				C56BD8BC2AD769AC00FCDFEF /* ForgotPasswordModel.swift */,
			);
			path = "Forgot Password";
			sourceTree = "<group>";
		};
		C56BD8C22AD76BFE00FCDFEF /* Forgot Password */ = {
			isa = PBXGroup;
			children = (
				C56BD8C42AD76C2000FCDFEF /* ForgotPasswordConfirmation */,
				C56BD8B72AD7699700FCDFEF /* Forgot Password */,
			);
			path = "Forgot Password";
			sourceTree = "<group>";
		};
		C56BD8C32AD76C1400FCDFEF /* Login */ = {
			isa = PBXGroup;
			children = (
				C5EF08D12A636D5400E141AA /* LoggedIn */,
				C520F9272A5CB26900C2338A /* Login */,
			);
			path = Login;
			sourceTree = "<group>";
		};
		C56BD8C42AD76C2000FCDFEF /* ForgotPasswordConfirmation */ = {
			isa = PBXGroup;
			children = (
				C56BD8C52AD76C3C00FCDFEF /* ForgotPasswordConfirmationPresenter.swift */,
				C56BD8C62AD76C3C00FCDFEF /* ForgotPasswordConfirmationRouter.swift */,
				C56BD8C72AD76C3C00FCDFEF /* ForgotPasswordConfirmationViewController.swift */,
				C56BD8C82AD76C3C00FCDFEF /* ForgotPasswordConfirmationInteractor.swift */,
				C56BD8C92AD76C3C00FCDFEF /* ForgotPasswordConfirmationModel.swift */,
			);
			path = ForgotPasswordConfirmation;
			sourceTree = "<group>";
		};
		C59906172AE95E08001E4578 /* Firestore */ = {
			isa = PBXGroup;
			children = (
				C59906182AE95E1C001E4578 /* FirestoreService.swift */,
			);
			path = Firestore;
			sourceTree = "<group>";
		};
		C5BB40E02AB3CA1400051633 /* Resources */ = {
			isa = PBXGroup;
			children = (
				C5BB40EB2AB3CBC400051633 /* LoginKeys.swift */,
				C5BB40ED2AB3CCAA00051633 /* LoginKeysValues.strings */,
			);
			name = Resources;
			sourceTree = "<group>";
		};
		C5BB40F22AB3D41000051633 /* Infrastructure */ = {
			isa = PBXGroup;
			children = (
				C50FA9F62ACCA1F1000F9083 /* Utils */,
				C53740932A59AF3400DE8426 /* SplashScreen */,
				C5BB40F32AB3D49400051633 /* AppLifecycle */,
			);
			path = Infrastructure;
			sourceTree = "<group>";
		};
		C5BB40F32AB3D49400051633 /* AppLifecycle */ = {
			isa = PBXGroup;
			children = (
				C537407F2A59AD0100DE8426 /* AppDelegate.swift */,
				C53740812A59AD0100DE8426 /* SceneDelegate.swift */,
			);
			path = AppLifecycle;
			sourceTree = "<group>";
		};
		C5BB40F42AB3D62400051633 /* Assets */ = {
			isa = PBXGroup;
			children = (
				C53740882A59AD0300DE8426 /* Assets.xcassets */,
			);
			path = Assets;
			sourceTree = "<group>";
		};
		C5C1A1522AE709FF001A2953 /* MovieDetailViewController */ = {
			isa = PBXGroup;
			children = (
				C5C1A1532AE70A27001A2953 /* MovieDetailsPresenter.swift */,
				C5C1A1542AE70A27001A2953 /* MovieDetailsRouter.swift */,
				C5C1A1552AE70A27001A2953 /* MovieDetailsViewController.swift */,
				C5C1A1562AE70A27001A2953 /* MovieDetailsInteractor.swift */,
				C5C1A1572AE70A27001A2953 /* MovieDetailsModel.swift */,
			);
			path = MovieDetailViewController;
			sourceTree = "<group>";
		};
		C5C3156B2AD72C20001645D2 /* AccountCreated */ = {
			isa = PBXGroup;
			children = (
				C56BD8AD2AD730F600FCDFEF /* AccountCreatedPresenter.swift */,
				C56BD8AE2AD730F600FCDFEF /* AccountCreatedRouter.swift */,
				C56BD8AF2AD730F600FCDFEF /* AccountCreatedViewController.swift */,
				C56BD8B02AD730F600FCDFEF /* AccountCreatedInteractor.swift */,
				C56BD8B12AD730F600FCDFEF /* AccountCreatedModel.swift */,
			);
			path = AccountCreated;
			sourceTree = "<group>";
		};
		C5DC10DA2AD615FF000E1D50 /* Password */ = {
			isa = PBXGroup;
			children = (
				C5DC10DB2AD61628000E1D50 /* CreatePasswordPresenter.swift */,
				C5DC10DC2AD61628000E1D50 /* CreatePasswordRouter.swift */,
				C5DC10DD2AD61628000E1D50 /* CreatePasswordViewController.swift */,
				C5DC10DE2AD61628000E1D50 /* CreatePasswordInteractor.swift */,
				C5DC10DF2AD61628000E1D50 /* CreatePasswordModel.swift */,
			);
			path = Password;
			sourceTree = "<group>";
		};
		C5EF08CE2A63543C00E141AA /* Components */ = {
			isa = PBXGroup;
			children = (
				C56BD8D22AD773AA00FCDFEF /* CircularXX-Bold.otf */,
				C56BD8D32AD773AA00FCDFEF /* CircularXX-Book.otf */,
				C56BD8D42AD773AB00FCDFEF /* MaterialIcons-Regular.ttf */,
				C5EF08CF2A63544900E141AA /* Button.swift */,
			);
			path = Components;
			sourceTree = "<group>";
		};
		C5EF08D12A636D5400E141AA /* LoggedIn */ = {
			isa = PBXGroup;
			children = (
				C5EF08D22A636D7100E141AA /* LoggedInViewController.swift */,
			);
			path = LoggedIn;
			sourceTree = "<group>";
		};
		C5EF08D72A6370B000E141AA /* Home */ = {
			isa = PBXGroup;
			children = (
				C5C1A1522AE709FF001A2953 /* MovieDetailViewController */,
				C533373C2AD9EEF200AF7F3E /* HomeViewController */,
			);
			path = Home;
			sourceTree = "<group>";
		};
/* End PBXGroup section */

/* Begin PBXNativeTarget section */
		C537407B2A59AD0100DE8426 /* MinhasDespesas */ = {
			isa = PBXNativeTarget;
			buildConfigurationList = C53740902A59AD0300DE8426 /* Build configuration list for PBXNativeTarget "MinhasDespesas" */;
			buildPhases = (
				DDCC9A7A0F0E52105FA041E6 /* [CP] Check Pods Manifest.lock */,
				C53740782A59AD0100DE8426 /* Sources */,
				C53740792A59AD0100DE8426 /* Frameworks */,
				C537407A2A59AD0100DE8426 /* Resources */,
				0780E9648D2369D51AD718A6 /* [CP] Embed Pods Frameworks */,
			);
			buildRules = (
			);
			dependencies = (
			);
			name = MinhasDespesas;
			productName = SportimeApp;
			productReference = C537407C2A59AD0100DE8426 /* MinhasDespesas.app */;
			productType = "com.apple.product-type.application";
		};
/* End PBXNativeTarget section */

/* Begin PBXProject section */
		C53740742A59AD0100DE8426 /* Project object */ = {
			isa = PBXProject;
			attributes = {
				BuildIndependentTargetsInParallel = 1;
				LastSwiftUpdateCheck = 1430;
				LastUpgradeCheck = 1430;
				TargetAttributes = {
					C537407B2A59AD0100DE8426 = {
						CreatedOnToolsVersion = 14.3.1;
					};
				};
			};
			buildConfigurationList = C53740772A59AD0100DE8426 /* Build configuration list for PBXProject "MinhasDespesas" */;
			compatibilityVersion = "Xcode 14.0";
			developmentRegion = en;
			hasScannedForEncodings = 0;
			knownRegions = (
				en,
				Base,
			);
			mainGroup = C53740732A59AD0100DE8426;
			productRefGroup = C537407D2A59AD0100DE8426 /* Products */;
			projectDirPath = "";
			projectRoot = "";
			targets = (
				C537407B2A59AD0100DE8426 /* MinhasDespesas */,
			);
		};
/* End PBXProject section */

/* Begin PBXResourcesBuildPhase section */
		C537407A2A59AD0100DE8426 /* Resources */ = {
			isa = PBXResourcesBuildPhase;
			buildActionMask = 2147483647;
			files = (
				C5BB40EE2AB3CCAA00051633 /* LoginKeysValues.strings in Resources */,
				C53740892A59AD0300DE8426 /* Assets.xcassets in Resources */,
				C5EF08C22A633D8800E141AA /* GoogleService-Info.plist in Resources */,
			);
			runOnlyForDeploymentPostprocessing = 0;
		};
/* End PBXResourcesBuildPhase section */

/* Begin PBXShellScriptBuildPhase section */
		0780E9648D2369D51AD718A6 /* [CP] Embed Pods Frameworks */ = {
			isa = PBXShellScriptBuildPhase;
			buildActionMask = 2147483647;
			files = (
			);
			inputFileListPaths = (
				"${PODS_ROOT}/Target Support Files/Pods-MinhasDespesas/Pods-MinhasDespesas-frameworks-${CONFIGURATION}-input-files.xcfilelist",
			);
			name = "[CP] Embed Pods Frameworks";
			outputFileListPaths = (
				"${PODS_ROOT}/Target Support Files/Pods-MinhasDespesas/Pods-MinhasDespesas-frameworks-${CONFIGURATION}-output-files.xcfilelist",
			);
			runOnlyForDeploymentPostprocessing = 0;
			shellPath = /bin/sh;
			shellScript = "\"${PODS_ROOT}/Target Support Files/Pods-MinhasDespesas/Pods-MinhasDespesas-frameworks.sh\"\n";
			showEnvVarsInLog = 0;
		};
		DDCC9A7A0F0E52105FA041E6 /* [CP] Check Pods Manifest.lock */ = {
			isa = PBXShellScriptBuildPhase;
			buildActionMask = 2147483647;
			files = (
			);
			inputFileListPaths = (
			);
			inputPaths = (
				"${PODS_PODFILE_DIR_PATH}/Podfile.lock",
				"${PODS_ROOT}/Manifest.lock",
			);
			name = "[CP] Check Pods Manifest.lock";
			outputFileListPaths = (
			);
			outputPaths = (
				"$(DERIVED_FILE_DIR)/Pods-MinhasDespesas-checkManifestLockResult.txt",
			);
			runOnlyForDeploymentPostprocessing = 0;
			shellPath = /bin/sh;
			shellScript = "diff \"${PODS_PODFILE_DIR_PATH}/Podfile.lock\" \"${PODS_ROOT}/Manifest.lock\" > /dev/null\nif [ $? != 0 ] ; then\n    # print error to STDERR\n    echo \"error: The sandbox is not in sync with the Podfile.lock. Run 'pod install' or update your CocoaPods installation.\" >&2\n    exit 1\nfi\n# This output is used by Xcode 'outputs' to avoid re-running this script phase.\necho \"SUCCESS\" > \"${SCRIPT_OUTPUT_FILE_0}\"\n";
			showEnvVarsInLog = 0;
		};
/* End PBXShellScriptBuildPhase section */

/* Begin PBXSourcesBuildPhase section */
		C53740782A59AD0100DE8426 /* Sources */ = {
			isa = PBXSourcesBuildPhase;
			buildActionMask = 2147483647;
			files = (
				C5C1A15A2AE70A27001A2953 /* MovieDetailsViewController.swift in Sources */,
				C520F9292A5CB27500C2338A /* LoginViewController.swift in Sources */,
				C56BD8B52AD730F600FCDFEF /* AccountCreatedInteractor.swift in Sources */,
				C537409E2A59B1D100DE8426 /* WelcomeViewController.swift in Sources */,
				C5CD58D12AD984FA00D8DAD7 /* HomeInteractor.swift in Sources */,
				C5EF08C62A63467500E141AA /* LoginInteractor.swift in Sources */,
				C56BD8CE2AD76C3C00FCDFEF /* ForgotPasswordConfirmationModel.swift in Sources */,
				C50FAA082ACCAB3A000F9083 /* UIButton+Extension.swift in Sources */,
				C5BB40EC2AB3CBC400051633 /* LoginKeys.swift in Sources */,
				C5EF08D92A6373B500E141AA /* LoginPresenter.swift in Sources */,
				C5CD58D22AD984FA00D8DAD7 /* HomeModel.swift in Sources */,
				C56BD8B22AD730F600FCDFEF /* AccountCreatedPresenter.swift in Sources */,
				C5B1CF002ACC8BFA00E0DB7C /* FullNameRouter.swift in Sources */,
				C5B1CF012ACC8BFA00E0DB7C /* FullNameViewController.swift in Sources */,
				C5BB40DF2AB3C9C500051633 /* LoginModel.swift in Sources */,
				C56BD8E52AD84F3200FCDFEF /* UIFont+Extension.swift in Sources */,
				C5EF08D02A63544900E141AA /* Button.swift in Sources */,
				C5B1CF032ACC8BFA00E0DB7C /* FullNameModel.swift in Sources */,
				C50FAA0E2ACCDAEF000F9083 /* OnKeyboardChange.swift in Sources */,
				C56BD8B32AD730F600FCDFEF /* AccountCreatedRouter.swift in Sources */,
				C56BD8C02AD769AC00FCDFEF /* ForgotPasswordInteractor.swift in Sources */,
				C53740A02A59B21A00DE8426 /* SplashRouter.swift in Sources */,
				C56BD8E12AD83DB300FCDFEF /* ModuleScreen.swift in Sources */,
				C5C1A15B2AE70A27001A2953 /* MovieDetailsInteractor.swift in Sources */,
				C5DC10E02AD61628000E1D50 /* CreatePasswordPresenter.swift in Sources */,
				C520F92B2A5CB28800C2338A /* WelcomeRouter.swift in Sources */,
				C5B1CF022ACC8BFA00E0DB7C /* FullNameInteractor.swift in Sources */,
				C5DC10E22AD61628000E1D50 /* CreatePasswordViewController.swift in Sources */,
				C5EF08D32A636D7100E141AA /* LoggedInViewController.swift in Sources */,
				C59906192AE95E1C001E4578 /* FirestoreService.swift in Sources */,
				C56BD8BD2AD769AC00FCDFEF /* ForgotPasswordPresenter.swift in Sources */,
				C56BD8B42AD730F600FCDFEF /* AccountCreatedViewController.swift in Sources */,
				C56BD8CC2AD76C3C00FCDFEF /* ForgotPasswordConfirmationViewController.swift in Sources */,
				C598D60F2A59BD1000D7DEA1 /* WelcomePresenter.swift in Sources */,
				C50FA9F92ACCA20C000F9083 /* OnboardingLayout.swift in Sources */,
				C56BD8C12AD769AC00FCDFEF /* ForgotPasswordModel.swift in Sources */,
				C5CD58CF2AD984FA00D8DAD7 /* HomeRouter.swift in Sources */,
				C5CD58CE2AD984FA00D8DAD7 /* HomePresenter.swift in Sources */,
				C5C1A1582AE70A27001A2953 /* MovieDetailsPresenter.swift in Sources */,
				C5C1A1592AE70A27001A2953 /* MovieDetailsRouter.swift in Sources */,
				C50FAA042ACCAA44000F9083 /* EmailInteractor.swift in Sources */,
				C53740802A59AD0100DE8426 /* AppDelegate.swift in Sources */,
				C53740972A59AF6F00DE8426 /* SplashInteractor.swift in Sources */,
				C56BD8CA2AD76C3C00FCDFEF /* ForgotPasswordConfirmationPresenter.swift in Sources */,
				C53740822A59AD0100DE8426 /* SceneDelegate.swift in Sources */,
				C5C1A15C2AE70A27001A2953 /* MovieDetailsModel.swift in Sources */,
				C56BD8BF2AD769AC00FCDFEF /* ForgotPasswordViewController.swift in Sources */,
				C53740992A59AF8400DE8426 /* SplashPresenter.swift in Sources */,
				C502C6242AE171D900384142 /* PopularMoviesProvider.swift in Sources */,
				C5DC10E42AD61628000E1D50 /* CreatePasswordModel.swift in Sources */,
				C50FAA022ACCAA44000F9083 /* EmailRouter.swift in Sources */,
				C59285302A59B53700A35072 /* SplashViewController.swift in Sources */,
				C5DC10E12AD61628000E1D50 /* CreatePasswordRouter.swift in Sources */,
				C50FAA032ACCAA44000F9083 /* EmailViewController.swift in Sources */,
				C56BD8B62AD730F600FCDFEF /* AccountCreatedModel.swift in Sources */,
				C5DC10E32AD61628000E1D50 /* CreatePasswordInteractor.swift in Sources */,
				C5BB40F02AB3D2EB00051633 /* WelcomeModel.swift in Sources */,
				C5EF08DB2A63749C00E141AA /* LoginRouter.swift in Sources */,
				C50FAA052ACCAA44000F9083 /* EmailModel.swift in Sources */,
				C56BD8CB2AD76C3C00FCDFEF /* ForgotPasswordConfirmationRouter.swift in Sources */,
				C5B1CEFF2ACC8BFA00E0DB7C /* FullNamePresenter.swift in Sources */,
				C598D60D2A59BCDE00D7DEA1 /* WelcomeInteractor.swift in Sources */,
				C5CD58D02AD984FA00D8DAD7 /* HomeViewController.swift in Sources */,
				C56BD8CD2AD76C3C00FCDFEF /* ForgotPasswordConfirmationInteractor.swift in Sources */,
				C56BD8BE2AD769AC00FCDFEF /* ForgotPasswordRouter.swift in Sources */,
				C50FAA012ACCAA44000F9083 /* EmailPresenter.swift in Sources */,
				C551AFFB2AE815DE00A89697 /* HomeWorker.swift in Sources */,
			);
			runOnlyForDeploymentPostprocessing = 0;
		};
/* End PBXSourcesBuildPhase section */

/* Begin XCBuildConfiguration section */
		C537408E2A59AD0300DE8426 /* Debug */ = {
			isa = XCBuildConfiguration;
			buildSettings = {
				ALWAYS_SEARCH_USER_PATHS = NO;
				CLANG_ANALYZER_NONNULL = YES;
				CLANG_ANALYZER_NUMBER_OBJECT_CONVERSION = YES_AGGRESSIVE;
				CLANG_CXX_LANGUAGE_STANDARD = "gnu++20";
				CLANG_ENABLE_MODULES = YES;
				CLANG_ENABLE_OBJC_ARC = YES;
				CLANG_ENABLE_OBJC_WEAK = YES;
				CLANG_WARN_BLOCK_CAPTURE_AUTORELEASING = YES;
				CLANG_WARN_BOOL_CONVERSION = YES;
				CLANG_WARN_COMMA = YES;
				CLANG_WARN_CONSTANT_CONVERSION = YES;
				CLANG_WARN_DEPRECATED_OBJC_IMPLEMENTATIONS = YES;
				CLANG_WARN_DIRECT_OBJC_ISA_USAGE = YES_ERROR;
				CLANG_WARN_DOCUMENTATION_COMMENTS = YES;
				CLANG_WARN_EMPTY_BODY = YES;
				CLANG_WARN_ENUM_CONVERSION = YES;
				CLANG_WARN_INFINITE_RECURSION = YES;
				CLANG_WARN_INT_CONVERSION = YES;
				CLANG_WARN_NON_LITERAL_NULL_CONVERSION = YES;
				CLANG_WARN_OBJC_IMPLICIT_RETAIN_SELF = YES;
				CLANG_WARN_OBJC_LITERAL_CONVERSION = YES;
				CLANG_WARN_OBJC_ROOT_CLASS = YES_ERROR;
				CLANG_WARN_QUOTED_INCLUDE_IN_FRAMEWORK_HEADER = YES;
				CLANG_WARN_RANGE_LOOP_ANALYSIS = YES;
				CLANG_WARN_STRICT_PROTOTYPES = YES;
				CLANG_WARN_SUSPICIOUS_MOVE = YES;
				CLANG_WARN_UNGUARDED_AVAILABILITY = YES_AGGRESSIVE;
				CLANG_WARN_UNREACHABLE_CODE = YES;
				CLANG_WARN__DUPLICATE_METHOD_MATCH = YES;
				COPY_PHASE_STRIP = NO;
				DEBUG_INFORMATION_FORMAT = dwarf;
				ENABLE_STRICT_OBJC_MSGSEND = YES;
				ENABLE_TESTABILITY = YES;
				GCC_C_LANGUAGE_STANDARD = gnu11;
				GCC_DYNAMIC_NO_PIC = NO;
				GCC_NO_COMMON_BLOCKS = YES;
				GCC_OPTIMIZATION_LEVEL = 0;
				GCC_PREPROCESSOR_DEFINITIONS = (
					"DEBUG=1",
					"$(inherited)",
				);
				GCC_WARN_64_TO_32_BIT_CONVERSION = YES;
				GCC_WARN_ABOUT_RETURN_TYPE = YES_ERROR;
				GCC_WARN_UNDECLARED_SELECTOR = YES;
				GCC_WARN_UNINITIALIZED_AUTOS = YES_AGGRESSIVE;
				GCC_WARN_UNUSED_FUNCTION = YES;
				GCC_WARN_UNUSED_VARIABLE = YES;
				IPHONEOS_DEPLOYMENT_TARGET = 13.0;
				MTL_ENABLE_DEBUG_INFO = INCLUDE_SOURCE;
				MTL_FAST_MATH = YES;
				ONLY_ACTIVE_ARCH = YES;
				SDKROOT = iphoneos;
				SWIFT_ACTIVE_COMPILATION_CONDITIONS = DEBUG;
				SWIFT_OPTIMIZATION_LEVEL = "-Onone";
			};
			name = Debug;
		};
		C537408F2A59AD0300DE8426 /* Release */ = {
			isa = XCBuildConfiguration;
			buildSettings = {
				ALWAYS_SEARCH_USER_PATHS = NO;
				CLANG_ANALYZER_NONNULL = YES;
				CLANG_ANALYZER_NUMBER_OBJECT_CONVERSION = YES_AGGRESSIVE;
				CLANG_CXX_LANGUAGE_STANDARD = "gnu++20";
				CLANG_ENABLE_MODULES = YES;
				CLANG_ENABLE_OBJC_ARC = YES;
				CLANG_ENABLE_OBJC_WEAK = YES;
				CLANG_WARN_BLOCK_CAPTURE_AUTORELEASING = YES;
				CLANG_WARN_BOOL_CONVERSION = YES;
				CLANG_WARN_COMMA = YES;
				CLANG_WARN_CONSTANT_CONVERSION = YES;
				CLANG_WARN_DEPRECATED_OBJC_IMPLEMENTATIONS = YES;
				CLANG_WARN_DIRECT_OBJC_ISA_USAGE = YES_ERROR;
				CLANG_WARN_DOCUMENTATION_COMMENTS = YES;
				CLANG_WARN_EMPTY_BODY = YES;
				CLANG_WARN_ENUM_CONVERSION = YES;
				CLANG_WARN_INFINITE_RECURSION = YES;
				CLANG_WARN_INT_CONVERSION = YES;
				CLANG_WARN_NON_LITERAL_NULL_CONVERSION = YES;
				CLANG_WARN_OBJC_IMPLICIT_RETAIN_SELF = YES;
				CLANG_WARN_OBJC_LITERAL_CONVERSION = YES;
				CLANG_WARN_OBJC_ROOT_CLASS = YES_ERROR;
				CLANG_WARN_QUOTED_INCLUDE_IN_FRAMEWORK_HEADER = YES;
				CLANG_WARN_RANGE_LOOP_ANALYSIS = YES;
				CLANG_WARN_STRICT_PROTOTYPES = YES;
				CLANG_WARN_SUSPICIOUS_MOVE = YES;
				CLANG_WARN_UNGUARDED_AVAILABILITY = YES_AGGRESSIVE;
				CLANG_WARN_UNREACHABLE_CODE = YES;
				CLANG_WARN__DUPLICATE_METHOD_MATCH = YES;
				COPY_PHASE_STRIP = NO;
				DEBUG_INFORMATION_FORMAT = "dwarf-with-dsym";
				ENABLE_NS_ASSERTIONS = NO;
				ENABLE_STRICT_OBJC_MSGSEND = YES;
				GCC_C_LANGUAGE_STANDARD = gnu11;
				GCC_NO_COMMON_BLOCKS = YES;
				GCC_WARN_64_TO_32_BIT_CONVERSION = YES;
				GCC_WARN_ABOUT_RETURN_TYPE = YES_ERROR;
				GCC_WARN_UNDECLARED_SELECTOR = YES;
				GCC_WARN_UNINITIALIZED_AUTOS = YES_AGGRESSIVE;
				GCC_WARN_UNUSED_FUNCTION = YES;
				GCC_WARN_UNUSED_VARIABLE = YES;
				IPHONEOS_DEPLOYMENT_TARGET = 13.0;
				MTL_ENABLE_DEBUG_INFO = NO;
				MTL_FAST_MATH = YES;
				SDKROOT = iphoneos;
				SWIFT_COMPILATION_MODE = wholemodule;
				SWIFT_OPTIMIZATION_LEVEL = "-O";
				VALIDATE_PRODUCT = YES;
			};
			name = Release;
		};
		C53740912A59AD0300DE8426 /* Debug */ = {
			isa = XCBuildConfiguration;
			baseConfigurationReference = DCBB5B250DFAAD6F5F107DEB /* Pods-MinhasDespesas.debug.xcconfig */;
			buildSettings = {
				ASSETCATALOG_COMPILER_APPICON_NAME = AppIcon;
				ASSETCATALOG_COMPILER_GLOBAL_ACCENT_COLOR_NAME = AccentColor;
				CODE_SIGN_STYLE = Automatic;
				CURRENT_PROJECT_VERSION = 1;
				DEVELOPMENT_TEAM = 5QYSPM6K5Z;
				GENERATE_INFOPLIST_FILE = YES;
				INFOPLIST_FILE = MinhasDespesas/Info.plist;
				INFOPLIST_KEY_CFBundleDisplayName = "Minhas Despesas";
				INFOPLIST_KEY_UIApplicationSupportsIndirectInputEvents = YES;
				INFOPLIST_KEY_UILaunchStoryboardName = LaunchScreen;
				INFOPLIST_KEY_UIMainStoryboardFile = "";
				INFOPLIST_KEY_UISupportedInterfaceOrientations = UIInterfaceOrientationPortrait;
				LD_RUNPATH_SEARCH_PATHS = (
					"$(inherited)",
					"@executable_path/Frameworks",
				);
				MARKETING_VERSION = 1.0;
				PRODUCT_BUNDLE_IDENTIFIER = Felipeas.MinhasDespesas;
				PRODUCT_NAME = "$(TARGET_NAME)";
				SUPPORTED_PLATFORMS = "iphoneos iphonesimulator";
				SUPPORTS_MACCATALYST = NO;
				SUPPORTS_MAC_DESIGNED_FOR_IPHONE_IPAD = NO;
				SWIFT_EMIT_LOC_STRINGS = YES;
				SWIFT_VERSION = 5.0;
				TARGETED_DEVICE_FAMILY = 1;
			};
			name = Debug;
		};
		C53740922A59AD0300DE8426 /* Release */ = {
			isa = XCBuildConfiguration;
			baseConfigurationReference = A6AF5FD3A0CA67C09DDA42C1 /* Pods-MinhasDespesas.release.xcconfig */;
			buildSettings = {
				ASSETCATALOG_COMPILER_APPICON_NAME = AppIcon;
				ASSETCATALOG_COMPILER_GLOBAL_ACCENT_COLOR_NAME = AccentColor;
				CODE_SIGN_STYLE = Automatic;
				CURRENT_PROJECT_VERSION = 1;
				DEVELOPMENT_TEAM = 5QYSPM6K5Z;
				GENERATE_INFOPLIST_FILE = YES;
				INFOPLIST_FILE = MinhasDespesas/Info.plist;
				INFOPLIST_KEY_CFBundleDisplayName = "Minhas Despesas";
				INFOPLIST_KEY_UIApplicationSupportsIndirectInputEvents = YES;
				INFOPLIST_KEY_UILaunchStoryboardName = LaunchScreen;
				INFOPLIST_KEY_UIMainStoryboardFile = "";
				INFOPLIST_KEY_UISupportedInterfaceOrientations = UIInterfaceOrientationPortrait;
				LD_RUNPATH_SEARCH_PATHS = (
					"$(inherited)",
					"@executable_path/Frameworks",
				);
				MARKETING_VERSION = 1.0;
				PRODUCT_BUNDLE_IDENTIFIER = Felipeas.MinhasDespesas;
				PRODUCT_NAME = "$(TARGET_NAME)";
				SUPPORTED_PLATFORMS = "iphoneos iphonesimulator";
				SUPPORTS_MACCATALYST = NO;
				SUPPORTS_MAC_DESIGNED_FOR_IPHONE_IPAD = NO;
				SWIFT_EMIT_LOC_STRINGS = YES;
				SWIFT_VERSION = 5.0;
				TARGETED_DEVICE_FAMILY = 1;
			};
			name = Release;
		};
/* End XCBuildConfiguration section */

/* Begin XCConfigurationList section */
		C53740772A59AD0100DE8426 /* Build configuration list for PBXProject "MinhasDespesas" */ = {
			isa = XCConfigurationList;
			buildConfigurations = (
				C537408E2A59AD0300DE8426 /* Debug */,
				C537408F2A59AD0300DE8426 /* Release */,
			);
			defaultConfigurationIsVisible = 0;
			defaultConfigurationName = Release;
		};
		C53740902A59AD0300DE8426 /* Build configuration list for PBXNativeTarget "MinhasDespesas" */ = {
			isa = XCConfigurationList;
			buildConfigurations = (
				C53740912A59AD0300DE8426 /* Debug */,
				C53740922A59AD0300DE8426 /* Release */,
			);
			defaultConfigurationIsVisible = 0;
			defaultConfigurationName = Release;
		};
/* End XCConfigurationList section */
	};
	rootObject = C53740742A59AD0100DE8426 /* Project object */;
}
