// !$*UTF8*$!
{
	archiveVersion = 1;
	classes = {
	};
	objectVersion = 56;
	objects = {

/* Begin PBXBuildFile section */
		C520F9292A5CB27500C2338A /* LoginViewController.swift in Sources */ = {isa = PBXBuildFile; fileRef = C520F9282A5CB27500C2338A /* LoginViewController.swift */; };
		C520F92B2A5CB28800C2338A /* WelcomeRouter.swift in Sources */ = {isa = PBXBuildFile; fileRef = C520F92A2A5CB28800C2338A /* WelcomeRouter.swift */; };
		C53740802A59AD0100DE8426 /* AppDelegate.swift in Sources */ = {isa = PBXBuildFile; fileRef = C537407F2A59AD0100DE8426 /* AppDelegate.swift */; };
		C53740822A59AD0100DE8426 /* SceneDelegate.swift in Sources */ = {isa = PBXBuildFile; fileRef = C53740812A59AD0100DE8426 /* SceneDelegate.swift */; };
		C53740892A59AD0300DE8426 /* Assets.xcassets in Resources */ = {isa = PBXBuildFile; fileRef = C53740882A59AD0300DE8426 /* Assets.xcassets */; };
		C53740972A59AF6F00DE8426 /* SplashInteractor.swift in Sources */ = {isa = PBXBuildFile; fileRef = C53740962A59AF6F00DE8426 /* SplashInteractor.swift */; };
		C53740992A59AF8400DE8426 /* SplashPresenter.swift in Sources */ = {isa = PBXBuildFile; fileRef = C53740982A59AF8400DE8426 /* SplashPresenter.swift */; };
		C537409E2A59B1D100DE8426 /* WelcomeViewController.swift in Sources */ = {isa = PBXBuildFile; fileRef = C537409D2A59B1D100DE8426 /* WelcomeViewController.swift */; };
		C53740A02A59B21A00DE8426 /* SplashRouter.swift in Sources */ = {isa = PBXBuildFile; fileRef = C537409F2A59B21A00DE8426 /* SplashRouter.swift */; };
		C59285302A59B53700A35072 /* SplashViewController.swift in Sources */ = {isa = PBXBuildFile; fileRef = C592852F2A59B53700A35072 /* SplashViewController.swift */; };
		C598D60B2A59BC4700D7DEA1 /* DSColor.swift in Sources */ = {isa = PBXBuildFile; fileRef = C598D60A2A59BC4700D7DEA1 /* DSColor.swift */; };
		C598D60D2A59BCDE00D7DEA1 /* WelcomeInteractor.swift in Sources */ = {isa = PBXBuildFile; fileRef = C598D60C2A59BCDE00D7DEA1 /* WelcomeInteractor.swift */; };
		C598D60F2A59BD1000D7DEA1 /* WelcomePresenter.swift in Sources */ = {isa = PBXBuildFile; fileRef = C598D60E2A59BD1000D7DEA1 /* WelcomePresenter.swift */; };
		C5BB40DF2AB3C9C500051633 /* LoginModel.swift in Sources */ = {isa = PBXBuildFile; fileRef = C5BB40DE2AB3C9C500051633 /* LoginModel.swift */; };
		C5BB40EC2AB3CBC400051633 /* LoginKeys.swift in Sources */ = {isa = PBXBuildFile; fileRef = C5BB40EB2AB3CBC400051633 /* LoginKeys.swift */; };
		C5BB40EE2AB3CCAA00051633 /* LoginKeysValues.strings in Resources */ = {isa = PBXBuildFile; fileRef = C5BB40ED2AB3CCAA00051633 /* LoginKeysValues.strings */; };
		C5BB40F02AB3D2EB00051633 /* WelcomeModel.swift in Sources */ = {isa = PBXBuildFile; fileRef = C5BB40EF2AB3D2EB00051633 /* WelcomeModel.swift */; };
		C5EF08C22A633D8800E141AA /* GoogleService-Info.plist in Resources */ = {isa = PBXBuildFile; fileRef = C5EF08C12A633D8800E141AA /* GoogleService-Info.plist */; };
		C5EF08C62A63467500E141AA /* LoginInteractor.swift in Sources */ = {isa = PBXBuildFile; fileRef = C5EF08C52A63467500E141AA /* LoginInteractor.swift */; };
		C5EF08D02A63544900E141AA /* Button.swift in Sources */ = {isa = PBXBuildFile; fileRef = C5EF08CF2A63544900E141AA /* Button.swift */; };
		C5EF08D32A636D7100E141AA /* LoggedInViewController.swift in Sources */ = {isa = PBXBuildFile; fileRef = C5EF08D22A636D7100E141AA /* LoggedInViewController.swift */; };
		C5EF08D92A6373B500E141AA /* LoginPresenter.swift in Sources */ = {isa = PBXBuildFile; fileRef = C5EF08D82A6373B500E141AA /* LoginPresenter.swift */; };
		C5EF08DB2A63749C00E141AA /* LoginRouter.swift in Sources */ = {isa = PBXBuildFile; fileRef = C5EF08DA2A63749C00E141AA /* LoginRouter.swift */; };
		C5EF08DD2A63752000E141AA /* HomeViewController.swift in Sources */ = {isa = PBXBuildFile; fileRef = C5EF08DC2A63752000E141AA /* HomeViewController.swift */; };
		F5EA0E8816B466D33C264936 /* Pods_SportimeApp.framework in Frameworks */ = {isa = PBXBuildFile; fileRef = F96B41D623CF9E0A089D5F1D /* Pods_SportimeApp.framework */; };
/* End PBXBuildFile section */

/* Begin PBXFileReference section */
		1BEFE5F7F909283AD2E946DA /* Pods-SportimeApp.debug.xcconfig */ = {isa = PBXFileReference; includeInIndex = 1; lastKnownFileType = text.xcconfig; name = "Pods-SportimeApp.debug.xcconfig"; path = "Target Support Files/Pods-SportimeApp/Pods-SportimeApp.debug.xcconfig"; sourceTree = "<group>"; };
		62DECE4FABF443F48E9CE8DE /* Pods-SportimeApp.release.xcconfig */ = {isa = PBXFileReference; includeInIndex = 1; lastKnownFileType = text.xcconfig; name = "Pods-SportimeApp.release.xcconfig"; path = "Target Support Files/Pods-SportimeApp/Pods-SportimeApp.release.xcconfig"; sourceTree = "<group>"; };
		C520F9282A5CB27500C2338A /* LoginViewController.swift */ = {isa = PBXFileReference; lastKnownFileType = sourcecode.swift; path = LoginViewController.swift; sourceTree = "<group>"; };
		C520F92A2A5CB28800C2338A /* WelcomeRouter.swift */ = {isa = PBXFileReference; lastKnownFileType = sourcecode.swift; path = WelcomeRouter.swift; sourceTree = "<group>"; };
		C537407C2A59AD0100DE8426 /* SportimeApp.app */ = {isa = PBXFileReference; explicitFileType = wrapper.application; includeInIndex = 0; path = SportimeApp.app; sourceTree = BUILT_PRODUCTS_DIR; };
		C537407F2A59AD0100DE8426 /* AppDelegate.swift */ = {isa = PBXFileReference; lastKnownFileType = sourcecode.swift; path = AppDelegate.swift; sourceTree = "<group>"; };
		C53740812A59AD0100DE8426 /* SceneDelegate.swift */ = {isa = PBXFileReference; lastKnownFileType = sourcecode.swift; path = SceneDelegate.swift; sourceTree = "<group>"; };
		C53740882A59AD0300DE8426 /* Assets.xcassets */ = {isa = PBXFileReference; lastKnownFileType = folder.assetcatalog; path = Assets.xcassets; sourceTree = "<group>"; };
		C537408D2A59AD0300DE8426 /* Info.plist */ = {isa = PBXFileReference; lastKnownFileType = text.plist.xml; path = Info.plist; sourceTree = "<group>"; };
		C53740962A59AF6F00DE8426 /* SplashInteractor.swift */ = {isa = PBXFileReference; lastKnownFileType = sourcecode.swift; path = SplashInteractor.swift; sourceTree = "<group>"; };
		C53740982A59AF8400DE8426 /* SplashPresenter.swift */ = {isa = PBXFileReference; lastKnownFileType = sourcecode.swift; path = SplashPresenter.swift; sourceTree = "<group>"; };
		C537409D2A59B1D100DE8426 /* WelcomeViewController.swift */ = {isa = PBXFileReference; lastKnownFileType = sourcecode.swift; path = WelcomeViewController.swift; sourceTree = "<group>"; };
		C537409F2A59B21A00DE8426 /* SplashRouter.swift */ = {isa = PBXFileReference; lastKnownFileType = sourcecode.swift; path = SplashRouter.swift; sourceTree = "<group>"; };
		C592852F2A59B53700A35072 /* SplashViewController.swift */ = {isa = PBXFileReference; fileEncoding = 4; lastKnownFileType = sourcecode.swift; path = SplashViewController.swift; sourceTree = "<group>"; };
		C598D60A2A59BC4700D7DEA1 /* DSColor.swift */ = {isa = PBXFileReference; lastKnownFileType = sourcecode.swift; path = DSColor.swift; sourceTree = "<group>"; };
		C598D60C2A59BCDE00D7DEA1 /* WelcomeInteractor.swift */ = {isa = PBXFileReference; lastKnownFileType = sourcecode.swift; path = WelcomeInteractor.swift; sourceTree = "<group>"; };
		C598D60E2A59BD1000D7DEA1 /* WelcomePresenter.swift */ = {isa = PBXFileReference; lastKnownFileType = sourcecode.swift; path = WelcomePresenter.swift; sourceTree = "<group>"; };
		C5BB40DE2AB3C9C500051633 /* LoginModel.swift */ = {isa = PBXFileReference; lastKnownFileType = sourcecode.swift; path = LoginModel.swift; sourceTree = "<group>"; };
		C5BB40EB2AB3CBC400051633 /* LoginKeys.swift */ = {isa = PBXFileReference; lastKnownFileType = sourcecode.swift; path = LoginKeys.swift; sourceTree = "<group>"; };
		C5BB40ED2AB3CCAA00051633 /* LoginKeysValues.strings */ = {isa = PBXFileReference; lastKnownFileType = text.plist.strings; path = LoginKeysValues.strings; sourceTree = "<group>"; };
		C5BB40EF2AB3D2EB00051633 /* WelcomeModel.swift */ = {isa = PBXFileReference; lastKnownFileType = sourcecode.swift; path = WelcomeModel.swift; sourceTree = "<group>"; };
		C5EF08C12A633D8800E141AA /* GoogleService-Info.plist */ = {isa = PBXFileReference; fileEncoding = 4; lastKnownFileType = text.plist.xml; path = "GoogleService-Info.plist"; sourceTree = "<group>"; };
		C5EF08C52A63467500E141AA /* LoginInteractor.swift */ = {isa = PBXFileReference; lastKnownFileType = sourcecode.swift; path = LoginInteractor.swift; sourceTree = "<group>"; };
		C5EF08CF2A63544900E141AA /* Button.swift */ = {isa = PBXFileReference; lastKnownFileType = sourcecode.swift; path = Button.swift; sourceTree = "<group>"; };
		C5EF08D22A636D7100E141AA /* LoggedInViewController.swift */ = {isa = PBXFileReference; lastKnownFileType = sourcecode.swift; path = LoggedInViewController.swift; sourceTree = "<group>"; };
		C5EF08D82A6373B500E141AA /* LoginPresenter.swift */ = {isa = PBXFileReference; lastKnownFileType = sourcecode.swift; path = LoginPresenter.swift; sourceTree = "<group>"; };
		C5EF08DA2A63749C00E141AA /* LoginRouter.swift */ = {isa = PBXFileReference; lastKnownFileType = sourcecode.swift; path = LoginRouter.swift; sourceTree = "<group>"; };
		C5EF08DC2A63752000E141AA /* HomeViewController.swift */ = {isa = PBXFileReference; lastKnownFileType = sourcecode.swift; path = HomeViewController.swift; sourceTree = "<group>"; };
		F96B41D623CF9E0A089D5F1D /* Pods_SportimeApp.framework */ = {isa = PBXFileReference; explicitFileType = wrapper.framework; includeInIndex = 0; path = Pods_SportimeApp.framework; sourceTree = BUILT_PRODUCTS_DIR; };
/* End PBXFileReference section */

/* Begin PBXFrameworksBuildPhase section */
		C53740792A59AD0100DE8426 /* Frameworks */ = {
			isa = PBXFrameworksBuildPhase;
			buildActionMask = 2147483647;
			files = (
				F5EA0E8816B466D33C264936 /* Pods_SportimeApp.framework in Frameworks */,
			);
			runOnlyForDeploymentPostprocessing = 0;
		};
/* End PBXFrameworksBuildPhase section */

/* Begin PBXGroup section */
		0F0112F97CA25DE0808E2A8B /* Frameworks */ = {
			isa = PBXGroup;
			children = (
				F96B41D623CF9E0A089D5F1D /* Pods_SportimeApp.framework */,
			);
			name = Frameworks;
			sourceTree = "<group>";
		};
		BCC32C615D564C606595CD28 /* Pods */ = {
			isa = PBXGroup;
			children = (
				1BEFE5F7F909283AD2E946DA /* Pods-SportimeApp.debug.xcconfig */,
				62DECE4FABF443F48E9CE8DE /* Pods-SportimeApp.release.xcconfig */,
			);
			path = Pods;
			sourceTree = "<group>";
		};
		C520F9272A5CB26900C2338A /* Login */ = {
			isa = PBXGroup;
			children = (
				C520F9282A5CB27500C2338A /* LoginViewController.swift */,
				C5EF08C52A63467500E141AA /* LoginInteractor.swift */,
				C5EF08D82A6373B500E141AA /* LoginPresenter.swift */,
				C5EF08DA2A63749C00E141AA /* LoginRouter.swift */,
				C5BB40DE2AB3C9C500051633 /* LoginModel.swift */,
			);
			name = Login;
			sourceTree = "<group>";
		};
		C53740732A59AD0100DE8426 = {
			isa = PBXGroup;
			children = (
				C537407E2A59AD0100DE8426 /* SportimeApp */,
				C537407D2A59AD0100DE8426 /* Products */,
				BCC32C615D564C606595CD28 /* Pods */,
				0F0112F97CA25DE0808E2A8B /* Frameworks */,
			);
			sourceTree = "<group>";
		};
		C537407D2A59AD0100DE8426 /* Products */ = {
			isa = PBXGroup;
			children = (
				C537407C2A59AD0100DE8426 /* SportimeApp.app */,
			);
			name = Products;
			sourceTree = "<group>";
		};
		C537407E2A59AD0100DE8426 /* SportimeApp */ = {
			isa = PBXGroup;
			children = (
				C5EF08C12A633D8800E141AA /* GoogleService-Info.plist */,
				C537408D2A59AD0300DE8426 /* Info.plist */,
				C537409A2A59B19900DE8426 /* Modules */,
				C5BB40F22AB3D41000051633 /* Infrastructure */,
				C5BB40F42AB3D62400051633 /* Assets */,
			);
			path = SportimeApp;
			sourceTree = "<group>";
		};
		C53740932A59AF3400DE8426 /* SplashScreen */ = {
			isa = PBXGroup;
			children = (
				C53740962A59AF6F00DE8426 /* SplashInteractor.swift */,
				C592852F2A59B53700A35072 /* SplashViewController.swift */,
				C53740982A59AF8400DE8426 /* SplashPresenter.swift */,
				C537409F2A59B21A00DE8426 /* SplashRouter.swift */,
			);
			path = SplashScreen;
			sourceTree = "<group>";
		};
		C537409A2A59B19900DE8426 /* Modules */ = {
			isa = PBXGroup;
			children = (
				C5EF08CE2A63543C00E141AA /* Components */,
				C5EF08D72A6370B000E141AA /* Home */,
				C537409B2A59B1B100DE8426 /* Authentication */,
			);
			path = Modules;
			sourceTree = "<group>";
		};
		C537409B2A59B1B100DE8426 /* Authentication */ = {
			isa = PBXGroup;
			children = (
				C5BB40E02AB3CA1400051633 /* Resources */,
				C5EF08D12A636D5400E141AA /* LoggedIn */,
				C520F9272A5CB26900C2338A /* Login */,
				C537409C2A59B1B900DE8426 /* Welcome */,
			);
			path = Authentication;
			sourceTree = "<group>";
		};
		C537409C2A59B1B900DE8426 /* Welcome */ = {
			isa = PBXGroup;
			children = (
				C537409D2A59B1D100DE8426 /* WelcomeViewController.swift */,
				C598D60C2A59BCDE00D7DEA1 /* WelcomeInteractor.swift */,
				C598D60E2A59BD1000D7DEA1 /* WelcomePresenter.swift */,
				C520F92A2A5CB28800C2338A /* WelcomeRouter.swift */,
				C5BB40EF2AB3D2EB00051633 /* WelcomeModel.swift */,
			);
			path = Welcome;
			sourceTree = "<group>";
		};
		C5BB40E02AB3CA1400051633 /* Resources */ = {
			isa = PBXGroup;
			children = (
				C5BB40EB2AB3CBC400051633 /* LoginKeys.swift */,
				C5BB40ED2AB3CCAA00051633 /* LoginKeysValues.strings */,
			);
			name = Resources;
			sourceTree = "<group>";
		};
		C5BB40F22AB3D41000051633 /* Infrastructure */ = {
			isa = PBXGroup;
			children = (
				C53740932A59AF3400DE8426 /* SplashScreen */,
				C5BB40F32AB3D49400051633 /* AppLifecycle */,
			);
			path = Infrastructure;
			sourceTree = "<group>";
		};
		C5BB40F32AB3D49400051633 /* AppLifecycle */ = {
			isa = PBXGroup;
			children = (
				C537407F2A59AD0100DE8426 /* AppDelegate.swift */,
				C53740812A59AD0100DE8426 /* SceneDelegate.swift */,
			);
			path = AppLifecycle;
			sourceTree = "<group>";
		};
		C5BB40F42AB3D62400051633 /* Assets */ = {
			isa = PBXGroup;
			children = (
				C53740882A59AD0300DE8426 /* Assets.xcassets */,
			);
			path = Assets;
			sourceTree = "<group>";
		};
		C5EF08CE2A63543C00E141AA /* Components */ = {
			isa = PBXGroup;
			children = (
				C5EF08CF2A63544900E141AA /* Button.swift */,
				C598D60A2A59BC4700D7DEA1 /* DSColor.swift */,
			);
			path = Components;
			sourceTree = "<group>";
		};
		C5EF08D12A636D5400E141AA /* LoggedIn */ = {
			isa = PBXGroup;
			children = (
				C5EF08D22A636D7100E141AA /* LoggedInViewController.swift */,
			);
			path = LoggedIn;
			sourceTree = "<group>";
		};
		C5EF08D72A6370B000E141AA /* Home */ = {
			isa = PBXGroup;
			children = (
				C5EF08DC2A63752000E141AA /* HomeViewController.swift */,
			);
			path = Home;
			sourceTree = "<group>";
		};
/* End PBXGroup section */

/* Begin PBXNativeTarget section */
		C537407B2A59AD0100DE8426 /* SportimeApp */ = {
			isa = PBXNativeTarget;
			buildConfigurationList = C53740902A59AD0300DE8426 /* Build configuration list for PBXNativeTarget "SportimeApp" */;
			buildPhases = (
				F46F38BCA4062A0D2A3E96FA /* [CP] Check Pods Manifest.lock */,
				C53740782A59AD0100DE8426 /* Sources */,
				C53740792A59AD0100DE8426 /* Frameworks */,
				C537407A2A59AD0100DE8426 /* Resources */,
				CB9FCB6575FBF512F207FB1A /* [CP] Embed Pods Frameworks */,
			);
			buildRules = (
			);
			dependencies = (
			);
			name = SportimeApp;
			productName = SportimeApp;
			productReference = C537407C2A59AD0100DE8426 /* SportimeApp.app */;
			productType = "com.apple.product-type.application";
		};
/* End PBXNativeTarget section */

/* Begin PBXProject section */
		C53740742A59AD0100DE8426 /* Project object */ = {
			isa = PBXProject;
			attributes = {
				BuildIndependentTargetsInParallel = 1;
				LastSwiftUpdateCheck = 1430;
				LastUpgradeCheck = 1430;
				TargetAttributes = {
					C537407B2A59AD0100DE8426 = {
						CreatedOnToolsVersion = 14.3.1;
					};
				};
			};
			buildConfigurationList = C53740772A59AD0100DE8426 /* Build configuration list for PBXProject "SportimeApp" */;
			compatibilityVersion = "Xcode 14.0";
			developmentRegion = en;
			hasScannedForEncodings = 0;
			knownRegions = (
				en,
				Base,
			);
			mainGroup = C53740732A59AD0100DE8426;
			productRefGroup = C537407D2A59AD0100DE8426 /* Products */;
			projectDirPath = "";
			projectRoot = "";
			targets = (
				C537407B2A59AD0100DE8426 /* SportimeApp */,
			);
		};
/* End PBXProject section */

/* Begin PBXResourcesBuildPhase section */
		C537407A2A59AD0100DE8426 /* Resources */ = {
			isa = PBXResourcesBuildPhase;
			buildActionMask = 2147483647;
			files = (
				C5BB40EE2AB3CCAA00051633 /* LoginKeysValues.strings in Resources */,
				C53740892A59AD0300DE8426 /* Assets.xcassets in Resources */,
				C5EF08C22A633D8800E141AA /* GoogleService-Info.plist in Resources */,
			);
			runOnlyForDeploymentPostprocessing = 0;
		};
/* End PBXResourcesBuildPhase section */

/* Begin PBXShellScriptBuildPhase section */
		CB9FCB6575FBF512F207FB1A /* [CP] Embed Pods Frameworks */ = {
			isa = PBXShellScriptBuildPhase;
			buildActionMask = 2147483647;
			files = (
			);
			inputFileListPaths = (
				"${PODS_ROOT}/Target Support Files/Pods-SportimeApp/Pods-SportimeApp-frameworks-${CONFIGURATION}-input-files.xcfilelist",
			);
			name = "[CP] Embed Pods Frameworks";
			outputFileListPaths = (
				"${PODS_ROOT}/Target Support Files/Pods-SportimeApp/Pods-SportimeApp-frameworks-${CONFIGURATION}-output-files.xcfilelist",
			);
			runOnlyForDeploymentPostprocessing = 0;
			shellPath = /bin/sh;
			shellScript = "\"${PODS_ROOT}/Target Support Files/Pods-SportimeApp/Pods-SportimeApp-frameworks.sh\"\n";
			showEnvVarsInLog = 0;
		};
		F46F38BCA4062A0D2A3E96FA /* [CP] Check Pods Manifest.lock */ = {
			isa = PBXShellScriptBuildPhase;
			buildActionMask = 2147483647;
			files = (
			);
			inputFileListPaths = (
			);
			inputPaths = (
				"${PODS_PODFILE_DIR_PATH}/Podfile.lock",
				"${PODS_ROOT}/Manifest.lock",
			);
			name = "[CP] Check Pods Manifest.lock";
			outputFileListPaths = (
			);
			outputPaths = (
				"$(DERIVED_FILE_DIR)/Pods-SportimeApp-checkManifestLockResult.txt",
			);
			runOnlyForDeploymentPostprocessing = 0;
			shellPath = /bin/sh;
			shellScript = "diff \"${PODS_PODFILE_DIR_PATH}/Podfile.lock\" \"${PODS_ROOT}/Manifest.lock\" > /dev/null\nif [ $? != 0 ] ; then\n    # print error to STDERR\n    echo \"error: The sandbox is not in sync with the Podfile.lock. Run 'pod install' or update your CocoaPods installation.\" >&2\n    exit 1\nfi\n# This output is used by Xcode 'outputs' to avoid re-running this script phase.\necho \"SUCCESS\" > \"${SCRIPT_OUTPUT_FILE_0}\"\n";
			showEnvVarsInLog = 0;
		};
/* End PBXShellScriptBuildPhase section */

/* Begin PBXSourcesBuildPhase section */
		C53740782A59AD0100DE8426 /* Sources */ = {
			isa = PBXSourcesBuildPhase;
			buildActionMask = 2147483647;
			files = (
				C520F9292A5CB27500C2338A /* LoginViewController.swift in Sources */,
				C537409E2A59B1D100DE8426 /* WelcomeViewController.swift in Sources */,
				C5EF08C62A63467500E141AA /* LoginInteractor.swift in Sources */,
				C5BB40EC2AB3CBC400051633 /* LoginKeys.swift in Sources */,
				C5EF08D92A6373B500E141AA /* LoginPresenter.swift in Sources */,
				C5EF08DD2A63752000E141AA /* HomeViewController.swift in Sources */,
				C5BB40DF2AB3C9C500051633 /* LoginModel.swift in Sources */,
				C5EF08D02A63544900E141AA /* Button.swift in Sources */,
				C53740A02A59B21A00DE8426 /* SplashRouter.swift in Sources */,
				C598D60B2A59BC4700D7DEA1 /* DSColor.swift in Sources */,
				C520F92B2A5CB28800C2338A /* WelcomeRouter.swift in Sources */,
				C5EF08D32A636D7100E141AA /* LoggedInViewController.swift in Sources */,
				C598D60F2A59BD1000D7DEA1 /* WelcomePresenter.swift in Sources */,
				C53740802A59AD0100DE8426 /* AppDelegate.swift in Sources */,
				C53740972A59AF6F00DE8426 /* SplashInteractor.swift in Sources */,
				C53740822A59AD0100DE8426 /* SceneDelegate.swift in Sources */,
				C53740992A59AF8400DE8426 /* SplashPresenter.swift in Sources */,
				C59285302A59B53700A35072 /* SplashViewController.swift in Sources */,
				C5BB40F02AB3D2EB00051633 /* WelcomeModel.swift in Sources */,
				C5EF08DB2A63749C00E141AA /* LoginRouter.swift in Sources */,
				C598D60D2A59BCDE00D7DEA1 /* WelcomeInteractor.swift in Sources */,
			);
			runOnlyForDeploymentPostprocessing = 0;
		};
/* End PBXSourcesBuildPhase section */

/* Begin XCBuildConfiguration section */
		C537408E2A59AD0300DE8426 /* Debug */ = {
			isa = XCBuildConfiguration;
			buildSettings = {
				ALWAYS_SEARCH_USER_PATHS = NO;
				CLANG_ANALYZER_NONNULL = YES;
				CLANG_ANALYZER_NUMBER_OBJECT_CONVERSION = YES_AGGRESSIVE;
				CLANG_CXX_LANGUAGE_STANDARD = "gnu++20";
				CLANG_ENABLE_MODULES = YES;
				CLANG_ENABLE_OBJC_ARC = YES;
				CLANG_ENABLE_OBJC_WEAK = YES;
				CLANG_WARN_BLOCK_CAPTURE_AUTORELEASING = YES;
				CLANG_WARN_BOOL_CONVERSION = YES;
				CLANG_WARN_COMMA = YES;
				CLANG_WARN_CONSTANT_CONVERSION = YES;
				CLANG_WARN_DEPRECATED_OBJC_IMPLEMENTATIONS = YES;
				CLANG_WARN_DIRECT_OBJC_ISA_USAGE = YES_ERROR;
				CLANG_WARN_DOCUMENTATION_COMMENTS = YES;
				CLANG_WARN_EMPTY_BODY = YES;
				CLANG_WARN_ENUM_CONVERSION = YES;
				CLANG_WARN_INFINITE_RECURSION = YES;
				CLANG_WARN_INT_CONVERSION = YES;
				CLANG_WARN_NON_LITERAL_NULL_CONVERSION = YES;
				CLANG_WARN_OBJC_IMPLICIT_RETAIN_SELF = YES;
				CLANG_WARN_OBJC_LITERAL_CONVERSION = YES;
				CLANG_WARN_OBJC_ROOT_CLASS = YES_ERROR;
				CLANG_WARN_QUOTED_INCLUDE_IN_FRAMEWORK_HEADER = YES;
				CLANG_WARN_RANGE_LOOP_ANALYSIS = YES;
				CLANG_WARN_STRICT_PROTOTYPES = YES;
				CLANG_WARN_SUSPICIOUS_MOVE = YES;
				CLANG_WARN_UNGUARDED_AVAILABILITY = YES_AGGRESSIVE;
				CLANG_WARN_UNREACHABLE_CODE = YES;
				CLANG_WARN__DUPLICATE_METHOD_MATCH = YES;
				COPY_PHASE_STRIP = NO;
				DEBUG_INFORMATION_FORMAT = dwarf;
				ENABLE_STRICT_OBJC_MSGSEND = YES;
				ENABLE_TESTABILITY = YES;
				GCC_C_LANGUAGE_STANDARD = gnu11;
				GCC_DYNAMIC_NO_PIC = NO;
				GCC_NO_COMMON_BLOCKS = YES;
				GCC_OPTIMIZATION_LEVEL = 0;
				GCC_PREPROCESSOR_DEFINITIONS = (
					"DEBUG=1",
					"$(inherited)",
				);
				GCC_WARN_64_TO_32_BIT_CONVERSION = YES;
				GCC_WARN_ABOUT_RETURN_TYPE = YES_ERROR;
				GCC_WARN_UNDECLARED_SELECTOR = YES;
				GCC_WARN_UNINITIALIZED_AUTOS = YES_AGGRESSIVE;
				GCC_WARN_UNUSED_FUNCTION = YES;
				GCC_WARN_UNUSED_VARIABLE = YES;
				IPHONEOS_DEPLOYMENT_TARGET = 13.0;
				MTL_ENABLE_DEBUG_INFO = INCLUDE_SOURCE;
				MTL_FAST_MATH = YES;
				ONLY_ACTIVE_ARCH = YES;
				SDKROOT = iphoneos;
				SWIFT_ACTIVE_COMPILATION_CONDITIONS = DEBUG;
				SWIFT_OPTIMIZATION_LEVEL = "-Onone";
			};
			name = Debug;
		};
		C537408F2A59AD0300DE8426 /* Release */ = {
			isa = XCBuildConfiguration;
			buildSettings = {
				ALWAYS_SEARCH_USER_PATHS = NO;
				CLANG_ANALYZER_NONNULL = YES;
				CLANG_ANALYZER_NUMBER_OBJECT_CONVERSION = YES_AGGRESSIVE;
				CLANG_CXX_LANGUAGE_STANDARD = "gnu++20";
				CLANG_ENABLE_MODULES = YES;
				CLANG_ENABLE_OBJC_ARC = YES;
				CLANG_ENABLE_OBJC_WEAK = YES;
				CLANG_WARN_BLOCK_CAPTURE_AUTORELEASING = YES;
				CLANG_WARN_BOOL_CONVERSION = YES;
				CLANG_WARN_COMMA = YES;
				CLANG_WARN_CONSTANT_CONVERSION = YES;
				CLANG_WARN_DEPRECATED_OBJC_IMPLEMENTATIONS = YES;
				CLANG_WARN_DIRECT_OBJC_ISA_USAGE = YES_ERROR;
				CLANG_WARN_DOCUMENTATION_COMMENTS = YES;
				CLANG_WARN_EMPTY_BODY = YES;
				CLANG_WARN_ENUM_CONVERSION = YES;
				CLANG_WARN_INFINITE_RECURSION = YES;
				CLANG_WARN_INT_CONVERSION = YES;
				CLANG_WARN_NON_LITERAL_NULL_CONVERSION = YES;
				CLANG_WARN_OBJC_IMPLICIT_RETAIN_SELF = YES;
				CLANG_WARN_OBJC_LITERAL_CONVERSION = YES;
				CLANG_WARN_OBJC_ROOT_CLASS = YES_ERROR;
				CLANG_WARN_QUOTED_INCLUDE_IN_FRAMEWORK_HEADER = YES;
				CLANG_WARN_RANGE_LOOP_ANALYSIS = YES;
				CLANG_WARN_STRICT_PROTOTYPES = YES;
				CLANG_WARN_SUSPICIOUS_MOVE = YES;
				CLANG_WARN_UNGUARDED_AVAILABILITY = YES_AGGRESSIVE;
				CLANG_WARN_UNREACHABLE_CODE = YES;
				CLANG_WARN__DUPLICATE_METHOD_MATCH = YES;
				COPY_PHASE_STRIP = NO;
				DEBUG_INFORMATION_FORMAT = "dwarf-with-dsym";
				ENABLE_NS_ASSERTIONS = NO;
				ENABLE_STRICT_OBJC_MSGSEND = YES;
				GCC_C_LANGUAGE_STANDARD = gnu11;
				GCC_NO_COMMON_BLOCKS = YES;
				GCC_WARN_64_TO_32_BIT_CONVERSION = YES;
				GCC_WARN_ABOUT_RETURN_TYPE = YES_ERROR;
				GCC_WARN_UNDECLARED_SELECTOR = YES;
				GCC_WARN_UNINITIALIZED_AUTOS = YES_AGGRESSIVE;
				GCC_WARN_UNUSED_FUNCTION = YES;
				GCC_WARN_UNUSED_VARIABLE = YES;
				IPHONEOS_DEPLOYMENT_TARGET = 13.0;
				MTL_ENABLE_DEBUG_INFO = NO;
				MTL_FAST_MATH = YES;
				SDKROOT = iphoneos;
				SWIFT_COMPILATION_MODE = wholemodule;
				SWIFT_OPTIMIZATION_LEVEL = "-O";
				VALIDATE_PRODUCT = YES;
			};
			name = Release;
		};
		C53740912A59AD0300DE8426 /* Debug */ = {
			isa = XCBuildConfiguration;
			baseConfigurationReference = 1BEFE5F7F909283AD2E946DA /* Pods-SportimeApp.debug.xcconfig */;
			buildSettings = {
				ASSETCATALOG_COMPILER_APPICON_NAME = AppIcon;
				ASSETCATALOG_COMPILER_GLOBAL_ACCENT_COLOR_NAME = AccentColor;
				CODE_SIGN_STYLE = Automatic;
				CURRENT_PROJECT_VERSION = 1;
				DEVELOPMENT_TEAM = 5QYSPM6K5Z;
				GENERATE_INFOPLIST_FILE = YES;
				INFOPLIST_FILE = SportimeApp/Info.plist;
				INFOPLIST_KEY_UIApplicationSupportsIndirectInputEvents = YES;
				INFOPLIST_KEY_UILaunchStoryboardName = LaunchScreen;
				INFOPLIST_KEY_UIMainStoryboardFile = "";
				INFOPLIST_KEY_UISupportedInterfaceOrientations = UIInterfaceOrientationPortrait;
				LD_RUNPATH_SEARCH_PATHS = (
					"$(inherited)",
					"@executable_path/Frameworks",
				);
				MARKETING_VERSION = 1.0;
				PRODUCT_BUNDLE_IDENTIFIER = Felipeas.SportimeApp;
				PRODUCT_NAME = "$(TARGET_NAME)";
				SUPPORTED_PLATFORMS = "iphoneos iphonesimulator";
				SUPPORTS_MACCATALYST = NO;
				SUPPORTS_MAC_DESIGNED_FOR_IPHONE_IPAD = NO;
				SWIFT_EMIT_LOC_STRINGS = YES;
				SWIFT_VERSION = 5.0;
				TARGETED_DEVICE_FAMILY = 1;
			};
			name = Debug;
		};
		C53740922A59AD0300DE8426 /* Release */ = {
			isa = XCBuildConfiguration;
			baseConfigurationReference = 62DECE4FABF443F48E9CE8DE /* Pods-SportimeApp.release.xcconfig */;
			buildSettings = {
				ASSETCATALOG_COMPILER_APPICON_NAME = AppIcon;
				ASSETCATALOG_COMPILER_GLOBAL_ACCENT_COLOR_NAME = AccentColor;
				CODE_SIGN_STYLE = Automatic;
				CURRENT_PROJECT_VERSION = 1;
				DEVELOPMENT_TEAM = 5QYSPM6K5Z;
				GENERATE_INFOPLIST_FILE = YES;
				INFOPLIST_FILE = SportimeApp/Info.plist;
				INFOPLIST_KEY_UIApplicationSupportsIndirectInputEvents = YES;
				INFOPLIST_KEY_UILaunchStoryboardName = LaunchScreen;
				INFOPLIST_KEY_UIMainStoryboardFile = "";
				INFOPLIST_KEY_UISupportedInterfaceOrientations = UIInterfaceOrientationPortrait;
				LD_RUNPATH_SEARCH_PATHS = (
					"$(inherited)",
					"@executable_path/Frameworks",
				);
				MARKETING_VERSION = 1.0;
				PRODUCT_BUNDLE_IDENTIFIER = Felipeas.SportimeApp;
				PRODUCT_NAME = "$(TARGET_NAME)";
				SUPPORTED_PLATFORMS = "iphoneos iphonesimulator";
				SUPPORTS_MACCATALYST = NO;
				SUPPORTS_MAC_DESIGNED_FOR_IPHONE_IPAD = NO;
				SWIFT_EMIT_LOC_STRINGS = YES;
				SWIFT_VERSION = 5.0;
				TARGETED_DEVICE_FAMILY = 1;
			};
			name = Release;
		};
/* End XCBuildConfiguration section */

/* Begin XCConfigurationList section */
		C53740772A59AD0100DE8426 /* Build configuration list for PBXProject "SportimeApp" */ = {
			isa = XCConfigurationList;
			buildConfigurations = (
				C537408E2A59AD0300DE8426 /* Debug */,
				C537408F2A59AD0300DE8426 /* Release */,
			);
			defaultConfigurationIsVisible = 0;
			defaultConfigurationName = Release;
		};
		C53740902A59AD0300DE8426 /* Build configuration list for PBXNativeTarget "SportimeApp" */ = {
			isa = XCConfigurationList;
			buildConfigurations = (
				C53740912A59AD0300DE8426 /* Debug */,
				C53740922A59AD0300DE8426 /* Release */,
			);
			defaultConfigurationIsVisible = 0;
			defaultConfigurationName = Release;
		};
/* End XCConfigurationList section */
	};
	rootObject = C53740742A59AD0100DE8426 /* Project object */;
}
